
Microsoft Visual Studio Solution File, Format Version 12.00
# Visual Studio 15
VisualStudioVersion = 15.0.26430.13
MinimumVisualStudioVersion = 10.0.40219.1
Project("{FAE04EC0-301F-11D3-BF4B-00C04F79EFBC}") = "COAD.SEGURANCA", "COAD.SEGURANCA\COAD.SEGURANCA.csproj", "{2584C60A-835B-44B7-9C49-10F489DE32BD}"
	ProjectSection(ProjectDependencies) = postProject
		{A6A9FF49-FA0D-468E-9966-31B8D7EF5A97} = {A6A9FF49-FA0D-468E-9966-31B8D7EF5A97}
	EndProjectSection
EndProject
Project("{FAE04EC0-301F-11D3-BF4B-00C04F79EFBC}") = "CONFIGSIS", "CONFIGSIS\CONFIGSIS.csproj", "{C35F0A9E-F3D9-4FFF-A4BB-D91D7570C12B}"
EndProject
Project("{FAE04EC0-301F-11D3-BF4B-00C04F79EFBC}") = "Coad.GenericCrud", "shared\genericcrud\GenericCrud\Coad.GenericCrud.csproj", "{A6A9FF49-FA0D-468E-9966-31B8D7EF5A97}"
EndProject
Project("{FAE04EC0-301F-11D3-BF4B-00C04F79EFBC}") = "INTREGRANF", "INTEGRANF\INTREGRANF\INTREGRANF.csproj", "{F88E75BF-180B-4601-908B-5B57FF9D3A1C}"
EndProject
Project("{FAE04EC0-301F-11D3-BF4B-00C04F79EFBC}") = "COAD.COADGED", "COAD.COADGED\COAD.COADGED.csproj", "{8F016345-04A9-4ED4-9757-F9CDD47B1253}"
	ProjectSection(ProjectDependencies) = postProject
		{2584C60A-835B-44B7-9C49-10F489DE32BD} = {2584C60A-835B-44B7-9C49-10F489DE32BD}
		{D5FD3775-BCF4-485F-89C7-254E6632C175} = {D5FD3775-BCF4-485F-89C7-254E6632C175}
	EndProjectSection
EndProject
Project("{FAE04EC0-301F-11D3-BF4B-00C04F79EFBC}") = "COADCORP", "COADCORP\COADCORP.csproj", "{D033AC22-D970-4955-8E42-97AE2823E3EF}"
	ProjectSection(ProjectDependencies) = postProject
		{2584C60A-835B-44B7-9C49-10F489DE32BD} = {2584C60A-835B-44B7-9C49-10F489DE32BD}
		{8F016345-04A9-4ED4-9757-F9CDD47B1253} = {8F016345-04A9-4ED4-9757-F9CDD47B1253}
		{A6A9FF49-FA0D-468E-9966-31B8D7EF5A97} = {A6A9FF49-FA0D-468E-9966-31B8D7EF5A97}
		{720AA970-D9AE-459F-AA86-306224611411} = {720AA970-D9AE-459F-AA86-306224611411}
		{D5FD3775-BCF4-485F-89C7-254E6632C175} = {D5FD3775-BCF4-485F-89C7-254E6632C175}
		{ECC5C7D0-7324-4062-8D0C-3C93F660AF06} = {ECC5C7D0-7324-4062-8D0C-3C93F660AF06}
		{B4D235E6-4251-4706-89E7-D118A7272FEB} = {B4D235E6-4251-4706-89E7-D118A7272FEB}
	EndProjectSection
EndProject
Project("{FAE04EC0-301F-11D3-BF4B-00C04F79EFBC}") = "COAD.UTIL", "COAD.UTIL\COAD.UTIL.csproj", "{D5FD3775-BCF4-485F-89C7-254E6632C175}"
EndProject
Project("{FAE04EC0-301F-11D3-BF4B-00C04F79EFBC}") = "COAD.CORPORATIVO.LEGADO", "COAD.CORPORATIVO.LEGADO\COAD.CORPORATIVO.LEGADO.csproj", "{ECC5C7D0-7324-4062-8D0C-3C93F660AF06}"
EndProject
Project("{FAE04EC0-301F-11D3-BF4B-00C04F79EFBC}") = "COADMOBILE", "COADMOBILE\COADMOBILE.csproj", "{4777E245-4884-4FBC-9962-505A3D208642}"
	ProjectSection(ProjectDependencies) = postProject
		{3E6F1F9B-35A3-4CA9-9785-0737298614EF} = {3E6F1F9B-35A3-4CA9-9785-0737298614EF}
	EndProjectSection
EndProject
Project("{FAE04EC0-301F-11D3-BF4B-00C04F79EFBC}") = "COAD.PORTAL", "COAD.PORTAL\COAD.PORTAL.csproj", "{3E6F1F9B-35A3-4CA9-9785-0737298614EF}"
EndProject
Project("{FAE04EC0-301F-11D3-BF4B-00C04F79EFBC}") = "COAD.CORPORATIVO", "COAD.CORPORATIVO\COAD.CORPORATIVO.csproj", "{720AA970-D9AE-459F-AA86-306224611411}"
EndProject
Project("{FAE04EC0-301F-11D3-BF4B-00C04F79EFBC}") = "COADWEBAPI", "COADWEBAPI\COADWEBAPI.csproj", "{679A0118-5A77-420C-B245-B1FEBC8BB049}"
EndProject
Project("{FAE04EC0-301F-11D3-BF4B-00C04F79EFBC}") = "COAD.PROSPECTADOS", "COAD.PROSPECTADOS\COAD.PROSPECTADOS.csproj", "{9AD28A84-56E0-4CD9-8FE2-3419415F75BE}"
EndProject
Project("{FAE04EC0-301F-11D3-BF4B-00C04F79EFBC}") = "COADPORTAL", "COADPORTAL\COADPORTAL.csproj", "{AA8ACBD0-FBD0-4A0B-87F2-F452849E7A1C}"
	ProjectSection(ProjectDependencies) = postProject
		{884D107E-C672-4B4F-AA13-8BC30BE71DF4} = {884D107E-C672-4B4F-AA13-8BC30BE71DF4}
	EndProjectSection
EndProject
Project("{FAE04EC0-301F-11D3-BF4B-00C04F79EFBC}") = "COAD.PROXY", "COAD.PROXY\COAD.PROXY.csproj", "{52CFFA83-9D19-4D18-8361-B3F1F5BD6E94}"
EndProject
Project("{FAE04EC0-301F-11D3-BF4B-00C04F79EFBC}") = "COADSERVICE", "COADSERVICE\COADSERVICE\COADSERVICE.csproj", "{884D107E-C672-4B4F-AA13-8BC30BE71DF4}"
EndProject
Project("{FAE04EC0-301F-11D3-BF4B-00C04F79EFBC}") = "COAD.GATEWAY.MUNDIPAGG", "COAD.GATEWAY.MUNDIPAGG\COAD.GATEWAY.MUNDIPAGG.csproj", "{B4D235E6-4251-4706-89E7-D118A7272FEB}"
EndProject
Project("{FAE04EC0-301F-11D3-BF4B-00C04F79EFBC}") = "COADPAG", "COADPAG\COADPAG.csproj", "{EB295085-A44E-4822-BB87-E056EB13C8B6}"
EndProject
Project("{FAE04EC0-301F-11D3-BF4B-00C04F79EFBC}") = "COAD.FISCAL", "COAD.FISCAL\ClientWebServiceNfe\COAD.FISCAL.csproj", "{C0B6DD72-FA9A-4F88-9A95-AD81CC1CB8AF}"
EndProject
Project("{FAE04EC0-301F-11D3-BF4B-00C04F79EFBC}") = "COAD.CRYPT", "COAD.CRYPT\COAD.CRYPT.csproj", "{F92B2EE8-E6A4-4D19-A318-D6B68BCEE961}"
EndProject
Project("{FAE04EC0-301F-11D3-BF4B-00C04F79EFBC}") = "COAD.AGENDADOR", "COAD.SCHEDULER\COAD.AGENDADOR.csproj", "{5D4F0ADE-F6CC-45E6-9AFE-136FB3719B31}"
	ProjectSection(ProjectDependencies) = postProject
		{2584C60A-835B-44B7-9C49-10F489DE32BD} = {2584C60A-835B-44B7-9C49-10F489DE32BD}
		{8F016345-04A9-4ED4-9757-F9CDD47B1253} = {8F016345-04A9-4ED4-9757-F9CDD47B1253}
		{A6A9FF49-FA0D-468E-9966-31B8D7EF5A97} = {A6A9FF49-FA0D-468E-9966-31B8D7EF5A97}
		{720AA970-D9AE-459F-AA86-306224611411} = {720AA970-D9AE-459F-AA86-306224611411}
		{D5FD3775-BCF4-485F-89C7-254E6632C175} = {D5FD3775-BCF4-485F-89C7-254E6632C175}
		{52CFFA83-9D19-4D18-8361-B3F1F5BD6E94} = {52CFFA83-9D19-4D18-8361-B3F1F5BD6E94}
		{9AD28A84-56E0-4CD9-8FE2-3419415F75BE} = {9AD28A84-56E0-4CD9-8FE2-3419415F75BE}
		{ECC5C7D0-7324-4062-8D0C-3C93F660AF06} = {ECC5C7D0-7324-4062-8D0C-3C93F660AF06}
	EndProjectSection
EndProject
Project("{FAE04EC0-301F-11D3-BF4B-00C04F79EFBC}") = "COADCORPCORE", "COADCORPCORE\COADCORPCORE.csproj", "{2279E3E0-446D-4FD9-A311-74A10917AD25}"
EndProject
Project("{FAE04EC0-301F-11D3-BF4B-00C04F79EFBC}") = "COAD.EXTENSION", "COAD.EXTENSION\COAD.EXTENSION.csproj", "{503ED3B2-3D97-45A2-9706-E99996E69A3C}"
EndProject
Project("{FAE04EC0-301F-11D3-BF4B-00C04F79EFBC}") = "COAD.COBRANCA", "COAD.COBRANCA\COAD.COBRANCA.csproj", "{D75DC95A-5DDB-402F-8B58-0388D075A3E8}"
EndProject
Project("{FAE04EC0-301F-11D3-BF4B-00C04F79EFBC}") = "SCHEDULER", "SCHEDULER\SCHEDULER.csproj", "{1F1EC033-9CE3-4059-956A-210AED66D1EA}"
EndProject
Project("{FAE04EC0-301F-11D3-BF4B-00C04F79EFBC}") = "COAD.RM", "COAD.RM\COAD.RM.csproj", "{D30DC2BB-CEF8-44B9-AE87-2DCB8A5647E0}"
EndProject
Project("{9A19103F-16F7-4668-BE54-9A1E7A4F7556}") = "COADECOMMERCER", "COADECOMMERCER\COADECOMMERCER.csproj", "{9D82BC93-644D-4AB3-B5CF-4E915920A5D6}"
EndProject
Project("{9A19103F-16F7-4668-BE54-9A1E7A4F7556}") = "COADRESTSERVICE", "COADRESTSERVICE\COADRESTSERVICE.csproj", "{231F09B3-33CF-4553-BD12-0C0FE7C94906}"
EndProject
Project("{FAE04EC0-301F-11D3-BF4B-00C04F79EFBC}") = "COADPORTALSIMULADORES", "COADPORTALSIMULADORES\COADPORTALSIMULADORES.csproj", "{E50B0FDD-8CFB-445D-9E5F-C1FBED8FBAD3}"
EndProject
Global
	GlobalSection(SubversionScc) = preSolution
		Svn-Managed = True
		Manager = AnkhSVN - Subversion Support for Visual Studio
	EndGlobalSection
	GlobalSection(SolutionConfigurationPlatforms) = preSolution
		Debug_Prod|Any CPU = Debug_Prod|Any CPU
		Debug_Prod|x64 = Debug_Prod|x64
		Debug_Prod|x86 = Debug_Prod|x86
		Debug|Any CPU = Debug|Any CPU
		Debug|x64 = Debug|x64
		Debug|x86 = Debug|x86
		Homologacao|Any CPU = Homologacao|Any CPU
		Homologacao|x64 = Homologacao|x64
		Homologacao|x86 = Homologacao|x86
		Release|Any CPU = Release|Any CPU
		Release|x64 = Release|x64
		Release|x86 = Release|x86
	EndGlobalSection
	GlobalSection(ProjectConfigurationPlatforms) = postSolution
		{2584C60A-835B-44B7-9C49-10F489DE32BD}.Debug_Prod|Any CPU.ActiveCfg = Debug_Prod|Any CPU
		{2584C60A-835B-44B7-9C49-10F489DE32BD}.Debug_Prod|Any CPU.Build.0 = Debug_Prod|Any CPU
		{2584C60A-835B-44B7-9C49-10F489DE32BD}.Debug_Prod|x64.ActiveCfg = Debug_Prod|Any CPU
		{2584C60A-835B-44B7-9C49-10F489DE32BD}.Debug_Prod|x64.Build.0 = Debug_Prod|Any CPU
		{2584C60A-835B-44B7-9C49-10F489DE32BD}.Debug_Prod|x86.ActiveCfg = Debug_Prod|Any CPU
		{2584C60A-835B-44B7-9C49-10F489DE32BD}.Debug_Prod|x86.Build.0 = Debug_Prod|Any CPU
		{2584C60A-835B-44B7-9C49-10F489DE32BD}.Debug|Any CPU.ActiveCfg = Debug|Any CPU
		{2584C60A-835B-44B7-9C49-10F489DE32BD}.Debug|Any CPU.Build.0 = Debug|Any CPU
		{2584C60A-835B-44B7-9C49-10F489DE32BD}.Debug|x64.ActiveCfg = Debug|Any CPU
		{2584C60A-835B-44B7-9C49-10F489DE32BD}.Debug|x86.ActiveCfg = Debug|Any CPU
		{2584C60A-835B-44B7-9C49-10F489DE32BD}.Homologacao|Any CPU.ActiveCfg = Homologacao|Any CPU
		{2584C60A-835B-44B7-9C49-10F489DE32BD}.Homologacao|Any CPU.Build.0 = Homologacao|Any CPU
		{2584C60A-835B-44B7-9C49-10F489DE32BD}.Homologacao|x64.ActiveCfg = Homologacao|Any CPU
		{2584C60A-835B-44B7-9C49-10F489DE32BD}.Homologacao|x64.Build.0 = Homologacao|Any CPU
		{2584C60A-835B-44B7-9C49-10F489DE32BD}.Homologacao|x86.ActiveCfg = Homologacao|Any CPU
		{2584C60A-835B-44B7-9C49-10F489DE32BD}.Homologacao|x86.Build.0 = Homologacao|Any CPU
		{2584C60A-835B-44B7-9C49-10F489DE32BD}.Release|Any CPU.ActiveCfg = Release|Any CPU
		{2584C60A-835B-44B7-9C49-10F489DE32BD}.Release|Any CPU.Build.0 = Release|Any CPU
		{2584C60A-835B-44B7-9C49-10F489DE32BD}.Release|x64.ActiveCfg = Release|Any CPU
		{2584C60A-835B-44B7-9C49-10F489DE32BD}.Release|x86.ActiveCfg = Release|Any CPU
		{C35F0A9E-F3D9-4FFF-A4BB-D91D7570C12B}.Debug_Prod|Any CPU.ActiveCfg = Debug_Prod|Any CPU
		{C35F0A9E-F3D9-4FFF-A4BB-D91D7570C12B}.Debug_Prod|Any CPU.Build.0 = Debug_Prod|Any CPU
		{C35F0A9E-F3D9-4FFF-A4BB-D91D7570C12B}.Debug_Prod|x64.ActiveCfg = Debug_Prod|Any CPU
		{C35F0A9E-F3D9-4FFF-A4BB-D91D7570C12B}.Debug_Prod|x64.Build.0 = Debug_Prod|Any CPU
		{C35F0A9E-F3D9-4FFF-A4BB-D91D7570C12B}.Debug_Prod|x86.ActiveCfg = Debug_Prod|Any CPU
		{C35F0A9E-F3D9-4FFF-A4BB-D91D7570C12B}.Debug_Prod|x86.Build.0 = Debug_Prod|Any CPU
		{C35F0A9E-F3D9-4FFF-A4BB-D91D7570C12B}.Debug|Any CPU.ActiveCfg = Debug|Any CPU
		{C35F0A9E-F3D9-4FFF-A4BB-D91D7570C12B}.Debug|Any CPU.Build.0 = Debug|Any CPU
		{C35F0A9E-F3D9-4FFF-A4BB-D91D7570C12B}.Debug|x64.ActiveCfg = Debug|Any CPU
		{C35F0A9E-F3D9-4FFF-A4BB-D91D7570C12B}.Debug|x86.ActiveCfg = Debug|Any CPU
		{C35F0A9E-F3D9-4FFF-A4BB-D91D7570C12B}.Homologacao|Any CPU.ActiveCfg = Homologacao|Any CPU
		{C35F0A9E-F3D9-4FFF-A4BB-D91D7570C12B}.Homologacao|Any CPU.Build.0 = Homologacao|Any CPU
		{C35F0A9E-F3D9-4FFF-A4BB-D91D7570C12B}.Homologacao|x64.ActiveCfg = Homologacao|Any CPU
		{C35F0A9E-F3D9-4FFF-A4BB-D91D7570C12B}.Homologacao|x64.Build.0 = Homologacao|Any CPU
		{C35F0A9E-F3D9-4FFF-A4BB-D91D7570C12B}.Homologacao|x86.ActiveCfg = Homologacao|Any CPU
		{C35F0A9E-F3D9-4FFF-A4BB-D91D7570C12B}.Homologacao|x86.Build.0 = Homologacao|Any CPU
		{C35F0A9E-F3D9-4FFF-A4BB-D91D7570C12B}.Release|Any CPU.ActiveCfg = Release|Any CPU
		{C35F0A9E-F3D9-4FFF-A4BB-D91D7570C12B}.Release|Any CPU.Build.0 = Release|Any CPU
		{C35F0A9E-F3D9-4FFF-A4BB-D91D7570C12B}.Release|x64.ActiveCfg = Release|Any CPU
		{C35F0A9E-F3D9-4FFF-A4BB-D91D7570C12B}.Release|x86.ActiveCfg = Release|Any CPU
		{A6A9FF49-FA0D-468E-9966-31B8D7EF5A97}.Debug_Prod|Any CPU.ActiveCfg = Debug_Prod|Any CPU
		{A6A9FF49-FA0D-468E-9966-31B8D7EF5A97}.Debug_Prod|Any CPU.Build.0 = Debug_Prod|Any CPU
		{A6A9FF49-FA0D-468E-9966-31B8D7EF5A97}.Debug_Prod|x64.ActiveCfg = Debug_Prod|Any CPU
		{A6A9FF49-FA0D-468E-9966-31B8D7EF5A97}.Debug_Prod|x64.Build.0 = Debug_Prod|Any CPU
		{A6A9FF49-FA0D-468E-9966-31B8D7EF5A97}.Debug_Prod|x86.ActiveCfg = Debug_Prod|Any CPU
		{A6A9FF49-FA0D-468E-9966-31B8D7EF5A97}.Debug_Prod|x86.Build.0 = Debug_Prod|Any CPU
		{A6A9FF49-FA0D-468E-9966-31B8D7EF5A97}.Debug|Any CPU.ActiveCfg = Debug|Any CPU
		{A6A9FF49-FA0D-468E-9966-31B8D7EF5A97}.Debug|Any CPU.Build.0 = Debug|Any CPU
		{A6A9FF49-FA0D-468E-9966-31B8D7EF5A97}.Debug|x64.ActiveCfg = Debug|Any CPU
		{A6A9FF49-FA0D-468E-9966-31B8D7EF5A97}.Debug|x86.ActiveCfg = Debug|Any CPU
		{A6A9FF49-FA0D-468E-9966-31B8D7EF5A97}.Homologacao|Any CPU.ActiveCfg = Homologacao|Any CPU
		{A6A9FF49-FA0D-468E-9966-31B8D7EF5A97}.Homologacao|Any CPU.Build.0 = Homologacao|Any CPU
		{A6A9FF49-FA0D-468E-9966-31B8D7EF5A97}.Homologacao|x64.ActiveCfg = Homologacao|Any CPU
		{A6A9FF49-FA0D-468E-9966-31B8D7EF5A97}.Homologacao|x64.Build.0 = Homologacao|Any CPU
		{A6A9FF49-FA0D-468E-9966-31B8D7EF5A97}.Homologacao|x86.ActiveCfg = Homologacao|Any CPU
		{A6A9FF49-FA0D-468E-9966-31B8D7EF5A97}.Homologacao|x86.Build.0 = Homologacao|Any CPU
		{A6A9FF49-FA0D-468E-9966-31B8D7EF5A97}.Release|Any CPU.ActiveCfg = Release|Any CPU
		{A6A9FF49-FA0D-468E-9966-31B8D7EF5A97}.Release|Any CPU.Build.0 = Release|Any CPU
		{A6A9FF49-FA0D-468E-9966-31B8D7EF5A97}.Release|x64.ActiveCfg = Release|Any CPU
		{A6A9FF49-FA0D-468E-9966-31B8D7EF5A97}.Release|x86.ActiveCfg = Release|Any CPU
		{F88E75BF-180B-4601-908B-5B57FF9D3A1C}.Debug_Prod|Any CPU.ActiveCfg = Debug_Prod|Any CPU
		{F88E75BF-180B-4601-908B-5B57FF9D3A1C}.Debug_Prod|Any CPU.Build.0 = Debug_Prod|Any CPU
		{F88E75BF-180B-4601-908B-5B57FF9D3A1C}.Debug_Prod|x64.ActiveCfg = Debug_Prod|Any CPU
		{F88E75BF-180B-4601-908B-5B57FF9D3A1C}.Debug_Prod|x64.Build.0 = Debug_Prod|Any CPU
		{F88E75BF-180B-4601-908B-5B57FF9D3A1C}.Debug_Prod|x86.ActiveCfg = Debug_Prod|Any CPU
		{F88E75BF-180B-4601-908B-5B57FF9D3A1C}.Debug_Prod|x86.Build.0 = Debug_Prod|Any CPU
		{F88E75BF-180B-4601-908B-5B57FF9D3A1C}.Debug|Any CPU.ActiveCfg = Debug|Any CPU
		{F88E75BF-180B-4601-908B-5B57FF9D3A1C}.Debug|Any CPU.Build.0 = Debug|Any CPU
		{F88E75BF-180B-4601-908B-5B57FF9D3A1C}.Debug|x64.ActiveCfg = Debug|Any CPU
		{F88E75BF-180B-4601-908B-5B57FF9D3A1C}.Debug|x86.ActiveCfg = Debug|Any CPU
		{F88E75BF-180B-4601-908B-5B57FF9D3A1C}.Homologacao|Any CPU.ActiveCfg = Homologacao|Any CPU
		{F88E75BF-180B-4601-908B-5B57FF9D3A1C}.Homologacao|Any CPU.Build.0 = Homologacao|Any CPU
		{F88E75BF-180B-4601-908B-5B57FF9D3A1C}.Homologacao|x64.ActiveCfg = Homologacao|Any CPU
		{F88E75BF-180B-4601-908B-5B57FF9D3A1C}.Homologacao|x64.Build.0 = Homologacao|Any CPU
		{F88E75BF-180B-4601-908B-5B57FF9D3A1C}.Homologacao|x86.ActiveCfg = Homologacao|Any CPU
		{F88E75BF-180B-4601-908B-5B57FF9D3A1C}.Homologacao|x86.Build.0 = Homologacao|Any CPU
		{F88E75BF-180B-4601-908B-5B57FF9D3A1C}.Release|Any CPU.ActiveCfg = Release|Any CPU
		{F88E75BF-180B-4601-908B-5B57FF9D3A1C}.Release|Any CPU.Build.0 = Release|Any CPU
		{F88E75BF-180B-4601-908B-5B57FF9D3A1C}.Release|x64.ActiveCfg = Release|Any CPU
		{F88E75BF-180B-4601-908B-5B57FF9D3A1C}.Release|x86.ActiveCfg = Release|Any CPU
		{8F016345-04A9-4ED4-9757-F9CDD47B1253}.Debug_Prod|Any CPU.ActiveCfg = Debug_Prod|Any CPU
		{8F016345-04A9-4ED4-9757-F9CDD47B1253}.Debug_Prod|Any CPU.Build.0 = Debug_Prod|Any CPU
		{8F016345-04A9-4ED4-9757-F9CDD47B1253}.Debug_Prod|x64.ActiveCfg = Debug_Prod|Any CPU
		{8F016345-04A9-4ED4-9757-F9CDD47B1253}.Debug_Prod|x64.Build.0 = Debug_Prod|Any CPU
		{8F016345-04A9-4ED4-9757-F9CDD47B1253}.Debug_Prod|x86.ActiveCfg = Debug_Prod|Any CPU
		{8F016345-04A9-4ED4-9757-F9CDD47B1253}.Debug_Prod|x86.Build.0 = Debug_Prod|Any CPU
		{8F016345-04A9-4ED4-9757-F9CDD47B1253}.Debug|Any CPU.ActiveCfg = Debug|Any CPU
		{8F016345-04A9-4ED4-9757-F9CDD47B1253}.Debug|Any CPU.Build.0 = Debug|Any CPU
		{8F016345-04A9-4ED4-9757-F9CDD47B1253}.Debug|Any CPU.Deploy.0 = Debug|Any CPU
		{8F016345-04A9-4ED4-9757-F9CDD47B1253}.Debug|x64.ActiveCfg = Debug|Any CPU
		{8F016345-04A9-4ED4-9757-F9CDD47B1253}.Debug|x86.ActiveCfg = Debug|Any CPU
		{8F016345-04A9-4ED4-9757-F9CDD47B1253}.Homologacao|Any CPU.ActiveCfg = Homologacao|Any CPU
		{8F016345-04A9-4ED4-9757-F9CDD47B1253}.Homologacao|Any CPU.Build.0 = Homologacao|Any CPU
		{8F016345-04A9-4ED4-9757-F9CDD47B1253}.Homologacao|x64.ActiveCfg = Homologacao|Any CPU
		{8F016345-04A9-4ED4-9757-F9CDD47B1253}.Homologacao|x64.Build.0 = Homologacao|Any CPU
		{8F016345-04A9-4ED4-9757-F9CDD47B1253}.Homologacao|x86.ActiveCfg = Homologacao|Any CPU
		{8F016345-04A9-4ED4-9757-F9CDD47B1253}.Homologacao|x86.Build.0 = Homologacao|Any CPU
		{8F016345-04A9-4ED4-9757-F9CDD47B1253}.Release|Any CPU.ActiveCfg = Release|Any CPU
		{8F016345-04A9-4ED4-9757-F9CDD47B1253}.Release|Any CPU.Build.0 = Release|Any CPU
		{8F016345-04A9-4ED4-9757-F9CDD47B1253}.Release|x64.ActiveCfg = Release|Any CPU
		{8F016345-04A9-4ED4-9757-F9CDD47B1253}.Release|x86.ActiveCfg = Release|Any CPU
		{D033AC22-D970-4955-8E42-97AE2823E3EF}.Debug_Prod|Any CPU.ActiveCfg = Debug_Prod|Any CPU
		{D033AC22-D970-4955-8E42-97AE2823E3EF}.Debug_Prod|Any CPU.Build.0 = Debug_Prod|Any CPU
		{D033AC22-D970-4955-8E42-97AE2823E3EF}.Debug_Prod|x64.ActiveCfg = Debug_Prod|Any CPU
		{D033AC22-D970-4955-8E42-97AE2823E3EF}.Debug_Prod|x64.Build.0 = Debug_Prod|Any CPU
		{D033AC22-D970-4955-8E42-97AE2823E3EF}.Debug_Prod|x86.ActiveCfg = Debug_Prod|Any CPU
		{D033AC22-D970-4955-8E42-97AE2823E3EF}.Debug_Prod|x86.Build.0 = Debug_Prod|Any CPU
		{D033AC22-D970-4955-8E42-97AE2823E3EF}.Debug|Any CPU.ActiveCfg = Debug|Any CPU
		{D033AC22-D970-4955-8E42-97AE2823E3EF}.Debug|Any CPU.Build.0 = Debug|Any CPU
		{D033AC22-D970-4955-8E42-97AE2823E3EF}.Debug|x64.ActiveCfg = Debug|Any CPU
		{D033AC22-D970-4955-8E42-97AE2823E3EF}.Debug|x86.ActiveCfg = Debug|Any CPU
		{D033AC22-D970-4955-8E42-97AE2823E3EF}.Homologacao|Any CPU.ActiveCfg = Homologacao|Any CPU
		{D033AC22-D970-4955-8E42-97AE2823E3EF}.Homologacao|Any CPU.Build.0 = Homologacao|Any CPU
		{D033AC22-D970-4955-8E42-97AE2823E3EF}.Homologacao|x64.ActiveCfg = Homologacao|Any CPU
		{D033AC22-D970-4955-8E42-97AE2823E3EF}.Homologacao|x64.Build.0 = Homologacao|Any CPU
		{D033AC22-D970-4955-8E42-97AE2823E3EF}.Homologacao|x86.ActiveCfg = Homologacao|Any CPU
		{D033AC22-D970-4955-8E42-97AE2823E3EF}.Homologacao|x86.Build.0 = Homologacao|Any CPU
		{D033AC22-D970-4955-8E42-97AE2823E3EF}.Release|Any CPU.ActiveCfg = Release|Any CPU
		{D033AC22-D970-4955-8E42-97AE2823E3EF}.Release|Any CPU.Build.0 = Release|Any CPU
		{D033AC22-D970-4955-8E42-97AE2823E3EF}.Release|x64.ActiveCfg = Release|Any CPU
		{D033AC22-D970-4955-8E42-97AE2823E3EF}.Release|x86.ActiveCfg = Release|Any CPU
		{D5FD3775-BCF4-485F-89C7-254E6632C175}.Debug_Prod|Any CPU.ActiveCfg = Debug_Prod|Any CPU
		{D5FD3775-BCF4-485F-89C7-254E6632C175}.Debug_Prod|Any CPU.Build.0 = Debug_Prod|Any CPU
		{D5FD3775-BCF4-485F-89C7-254E6632C175}.Debug_Prod|x64.ActiveCfg = Debug_Prod|Any CPU
		{D5FD3775-BCF4-485F-89C7-254E6632C175}.Debug_Prod|x64.Build.0 = Debug_Prod|Any CPU
		{D5FD3775-BCF4-485F-89C7-254E6632C175}.Debug_Prod|x86.ActiveCfg = Debug_Prod|Any CPU
		{D5FD3775-BCF4-485F-89C7-254E6632C175}.Debug_Prod|x86.Build.0 = Debug_Prod|Any CPU
		{D5FD3775-BCF4-485F-89C7-254E6632C175}.Debug|Any CPU.ActiveCfg = Debug|Any CPU
		{D5FD3775-BCF4-485F-89C7-254E6632C175}.Debug|Any CPU.Build.0 = Debug|Any CPU
		{D5FD3775-BCF4-485F-89C7-254E6632C175}.Debug|x64.ActiveCfg = Debug|Any CPU
		{D5FD3775-BCF4-485F-89C7-254E6632C175}.Debug|x86.ActiveCfg = Debug|Any CPU
		{D5FD3775-BCF4-485F-89C7-254E6632C175}.Homologacao|Any CPU.ActiveCfg = Homologacao|Any CPU
		{D5FD3775-BCF4-485F-89C7-254E6632C175}.Homologacao|Any CPU.Build.0 = Homologacao|Any CPU
		{D5FD3775-BCF4-485F-89C7-254E6632C175}.Homologacao|x64.ActiveCfg = Homologacao|Any CPU
		{D5FD3775-BCF4-485F-89C7-254E6632C175}.Homologacao|x64.Build.0 = Homologacao|Any CPU
		{D5FD3775-BCF4-485F-89C7-254E6632C175}.Homologacao|x86.ActiveCfg = Homologacao|Any CPU
		{D5FD3775-BCF4-485F-89C7-254E6632C175}.Homologacao|x86.Build.0 = Homologacao|Any CPU
		{D5FD3775-BCF4-485F-89C7-254E6632C175}.Release|Any CPU.ActiveCfg = Release|Any CPU
		{D5FD3775-BCF4-485F-89C7-254E6632C175}.Release|Any CPU.Build.0 = Release|Any CPU
		{D5FD3775-BCF4-485F-89C7-254E6632C175}.Release|x64.ActiveCfg = Release|Any CPU
		{D5FD3775-BCF4-485F-89C7-254E6632C175}.Release|x86.ActiveCfg = Release|Any CPU
		{ECC5C7D0-7324-4062-8D0C-3C93F660AF06}.Debug_Prod|Any CPU.ActiveCfg = Debug_Prod|Any CPU
		{ECC5C7D0-7324-4062-8D0C-3C93F660AF06}.Debug_Prod|Any CPU.Build.0 = Debug_Prod|Any CPU
		{ECC5C7D0-7324-4062-8D0C-3C93F660AF06}.Debug_Prod|x64.ActiveCfg = Debug_Prod|Any CPU
		{ECC5C7D0-7324-4062-8D0C-3C93F660AF06}.Debug_Prod|x64.Build.0 = Debug_Prod|Any CPU
		{ECC5C7D0-7324-4062-8D0C-3C93F660AF06}.Debug_Prod|x86.ActiveCfg = Debug_Prod|Any CPU
		{ECC5C7D0-7324-4062-8D0C-3C93F660AF06}.Debug_Prod|x86.Build.0 = Debug_Prod|Any CPU
		{ECC5C7D0-7324-4062-8D0C-3C93F660AF06}.Debug|Any CPU.ActiveCfg = Debug|Any CPU
		{ECC5C7D0-7324-4062-8D0C-3C93F660AF06}.Debug|Any CPU.Build.0 = Debug|Any CPU
		{ECC5C7D0-7324-4062-8D0C-3C93F660AF06}.Debug|x64.ActiveCfg = Debug|Any CPU
		{ECC5C7D0-7324-4062-8D0C-3C93F660AF06}.Debug|x86.ActiveCfg = Debug|Any CPU
		{ECC5C7D0-7324-4062-8D0C-3C93F660AF06}.Homologacao|Any CPU.ActiveCfg = Homologacao|Any CPU
		{ECC5C7D0-7324-4062-8D0C-3C93F660AF06}.Homologacao|Any CPU.Build.0 = Homologacao|Any CPU
		{ECC5C7D0-7324-4062-8D0C-3C93F660AF06}.Homologacao|x64.ActiveCfg = Homologacao|Any CPU
		{ECC5C7D0-7324-4062-8D0C-3C93F660AF06}.Homologacao|x64.Build.0 = Homologacao|Any CPU
		{ECC5C7D0-7324-4062-8D0C-3C93F660AF06}.Homologacao|x86.ActiveCfg = Homologacao|Any CPU
		{ECC5C7D0-7324-4062-8D0C-3C93F660AF06}.Homologacao|x86.Build.0 = Homologacao|Any CPU
		{ECC5C7D0-7324-4062-8D0C-3C93F660AF06}.Release|Any CPU.ActiveCfg = Release|Any CPU
		{ECC5C7D0-7324-4062-8D0C-3C93F660AF06}.Release|Any CPU.Build.0 = Release|Any CPU
		{ECC5C7D0-7324-4062-8D0C-3C93F660AF06}.Release|x64.ActiveCfg = Release|Any CPU
		{ECC5C7D0-7324-4062-8D0C-3C93F660AF06}.Release|x86.ActiveCfg = Release|Any CPU
		{4777E245-4884-4FBC-9962-505A3D208642}.Debug_Prod|Any CPU.ActiveCfg = Debug_Prod|Any CPU
		{4777E245-4884-4FBC-9962-505A3D208642}.Debug_Prod|Any CPU.Build.0 = Debug_Prod|Any CPU
		{4777E245-4884-4FBC-9962-505A3D208642}.Debug_Prod|x64.ActiveCfg = Debug_Prod|Any CPU
		{4777E245-4884-4FBC-9962-505A3D208642}.Debug_Prod|x64.Build.0 = Debug_Prod|Any CPU
		{4777E245-4884-4FBC-9962-505A3D208642}.Debug_Prod|x86.ActiveCfg = Debug_Prod|Any CPU
		{4777E245-4884-4FBC-9962-505A3D208642}.Debug_Prod|x86.Build.0 = Debug_Prod|Any CPU
		{4777E245-4884-4FBC-9962-505A3D208642}.Debug|Any CPU.ActiveCfg = Debug|Any CPU
		{4777E245-4884-4FBC-9962-505A3D208642}.Debug|Any CPU.Build.0 = Debug|Any CPU
		{4777E245-4884-4FBC-9962-505A3D208642}.Debug|x64.ActiveCfg = Debug|Any CPU
		{4777E245-4884-4FBC-9962-505A3D208642}.Debug|x86.ActiveCfg = Debug|Any CPU
		{4777E245-4884-4FBC-9962-505A3D208642}.Homologacao|Any CPU.ActiveCfg = Homologacao|Any CPU
		{4777E245-4884-4FBC-9962-505A3D208642}.Homologacao|Any CPU.Build.0 = Homologacao|Any CPU
		{4777E245-4884-4FBC-9962-505A3D208642}.Homologacao|x64.ActiveCfg = Homologacao|Any CPU
		{4777E245-4884-4FBC-9962-505A3D208642}.Homologacao|x64.Build.0 = Homologacao|Any CPU
		{4777E245-4884-4FBC-9962-505A3D208642}.Homologacao|x86.ActiveCfg = Homologacao|Any CPU
		{4777E245-4884-4FBC-9962-505A3D208642}.Homologacao|x86.Build.0 = Homologacao|Any CPU
		{4777E245-4884-4FBC-9962-505A3D208642}.Release|Any CPU.ActiveCfg = Release|Any CPU
		{4777E245-4884-4FBC-9962-505A3D208642}.Release|Any CPU.Build.0 = Release|Any CPU
		{4777E245-4884-4FBC-9962-505A3D208642}.Release|x64.ActiveCfg = Release|Any CPU
		{4777E245-4884-4FBC-9962-505A3D208642}.Release|x86.ActiveCfg = Release|Any CPU
		{3E6F1F9B-35A3-4CA9-9785-0737298614EF}.Debug_Prod|Any CPU.ActiveCfg = Debug_Prod|Any CPU
		{3E6F1F9B-35A3-4CA9-9785-0737298614EF}.Debug_Prod|Any CPU.Build.0 = Debug_Prod|Any CPU
		{3E6F1F9B-35A3-4CA9-9785-0737298614EF}.Debug_Prod|x64.ActiveCfg = Debug_Prod|Any CPU
		{3E6F1F9B-35A3-4CA9-9785-0737298614EF}.Debug_Prod|x64.Build.0 = Debug_Prod|Any CPU
		{3E6F1F9B-35A3-4CA9-9785-0737298614EF}.Debug_Prod|x86.ActiveCfg = Debug_Prod|Any CPU
		{3E6F1F9B-35A3-4CA9-9785-0737298614EF}.Debug_Prod|x86.Build.0 = Debug_Prod|Any CPU
		{3E6F1F9B-35A3-4CA9-9785-0737298614EF}.Debug|Any CPU.ActiveCfg = Debug|Any CPU
		{3E6F1F9B-35A3-4CA9-9785-0737298614EF}.Debug|Any CPU.Build.0 = Debug|Any CPU
		{3E6F1F9B-35A3-4CA9-9785-0737298614EF}.Debug|x64.ActiveCfg = Debug|Any CPU
		{3E6F1F9B-35A3-4CA9-9785-0737298614EF}.Debug|x86.ActiveCfg = Debug|Any CPU
		{3E6F1F9B-35A3-4CA9-9785-0737298614EF}.Homologacao|Any CPU.ActiveCfg = Homologacao|Any CPU
		{3E6F1F9B-35A3-4CA9-9785-0737298614EF}.Homologacao|Any CPU.Build.0 = Homologacao|Any CPU
		{3E6F1F9B-35A3-4CA9-9785-0737298614EF}.Homologacao|x64.ActiveCfg = Homologacao|Any CPU
		{3E6F1F9B-35A3-4CA9-9785-0737298614EF}.Homologacao|x64.Build.0 = Homologacao|Any CPU
		{3E6F1F9B-35A3-4CA9-9785-0737298614EF}.Homologacao|x86.ActiveCfg = Homologacao|Any CPU
		{3E6F1F9B-35A3-4CA9-9785-0737298614EF}.Homologacao|x86.Build.0 = Homologacao|Any CPU
		{3E6F1F9B-35A3-4CA9-9785-0737298614EF}.Release|Any CPU.ActiveCfg = Release|Any CPU
		{3E6F1F9B-35A3-4CA9-9785-0737298614EF}.Release|Any CPU.Build.0 = Release|Any CPU
		{3E6F1F9B-35A3-4CA9-9785-0737298614EF}.Release|x64.ActiveCfg = Release|Any CPU
		{3E6F1F9B-35A3-4CA9-9785-0737298614EF}.Release|x86.ActiveCfg = Release|Any CPU
		{720AA970-D9AE-459F-AA86-306224611411}.Debug_Prod|Any CPU.ActiveCfg = Debug_Prod|Any CPU
		{720AA970-D9AE-459F-AA86-306224611411}.Debug_Prod|Any CPU.Build.0 = Debug_Prod|Any CPU
		{720AA970-D9AE-459F-AA86-306224611411}.Debug_Prod|x64.ActiveCfg = Debug_Prod|Any CPU
		{720AA970-D9AE-459F-AA86-306224611411}.Debug_Prod|x64.Build.0 = Debug_Prod|Any CPU
		{720AA970-D9AE-459F-AA86-306224611411}.Debug_Prod|x86.ActiveCfg = Debug_Prod|Any CPU
		{720AA970-D9AE-459F-AA86-306224611411}.Debug_Prod|x86.Build.0 = Debug_Prod|Any CPU
		{720AA970-D9AE-459F-AA86-306224611411}.Debug|Any CPU.ActiveCfg = Debug|Any CPU
		{720AA970-D9AE-459F-AA86-306224611411}.Debug|Any CPU.Build.0 = Debug|Any CPU
		{720AA970-D9AE-459F-AA86-306224611411}.Debug|x64.ActiveCfg = Debug|Any CPU
		{720AA970-D9AE-459F-AA86-306224611411}.Debug|x86.ActiveCfg = Debug|Any CPU
		{720AA970-D9AE-459F-AA86-306224611411}.Homologacao|Any CPU.ActiveCfg = Homologacao|Any CPU
		{720AA970-D9AE-459F-AA86-306224611411}.Homologacao|Any CPU.Build.0 = Homologacao|Any CPU
		{720AA970-D9AE-459F-AA86-306224611411}.Homologacao|x64.ActiveCfg = Homologacao|Any CPU
		{720AA970-D9AE-459F-AA86-306224611411}.Homologacao|x64.Build.0 = Homologacao|Any CPU
		{720AA970-D9AE-459F-AA86-306224611411}.Homologacao|x86.ActiveCfg = Homologacao|Any CPU
		{720AA970-D9AE-459F-AA86-306224611411}.Homologacao|x86.Build.0 = Homologacao|Any CPU
		{720AA970-D9AE-459F-AA86-306224611411}.Release|Any CPU.ActiveCfg = Release|Any CPU
		{720AA970-D9AE-459F-AA86-306224611411}.Release|Any CPU.Build.0 = Release|Any CPU
		{720AA970-D9AE-459F-AA86-306224611411}.Release|x64.ActiveCfg = Release|Any CPU
		{720AA970-D9AE-459F-AA86-306224611411}.Release|x86.ActiveCfg = Release|Any CPU
		{679A0118-5A77-420C-B245-B1FEBC8BB049}.Debug_Prod|Any CPU.ActiveCfg = Debug_Prod|Any CPU
		{679A0118-5A77-420C-B245-B1FEBC8BB049}.Debug_Prod|Any CPU.Build.0 = Debug_Prod|Any CPU
		{679A0118-5A77-420C-B245-B1FEBC8BB049}.Debug_Prod|x64.ActiveCfg = Debug_Prod|Any CPU
		{679A0118-5A77-420C-B245-B1FEBC8BB049}.Debug_Prod|x64.Build.0 = Debug_Prod|Any CPU
		{679A0118-5A77-420C-B245-B1FEBC8BB049}.Debug_Prod|x86.ActiveCfg = Debug_Prod|Any CPU
		{679A0118-5A77-420C-B245-B1FEBC8BB049}.Debug_Prod|x86.Build.0 = Debug_Prod|Any CPU
		{679A0118-5A77-420C-B245-B1FEBC8BB049}.Debug|Any CPU.ActiveCfg = Debug|Any CPU
		{679A0118-5A77-420C-B245-B1FEBC8BB049}.Debug|Any CPU.Build.0 = Debug|Any CPU
		{679A0118-5A77-420C-B245-B1FEBC8BB049}.Debug|x64.ActiveCfg = Debug|Any CPU
		{679A0118-5A77-420C-B245-B1FEBC8BB049}.Debug|x86.ActiveCfg = Debug|Any CPU
		{679A0118-5A77-420C-B245-B1FEBC8BB049}.Homologacao|Any CPU.ActiveCfg = Homologacao|Any CPU
		{679A0118-5A77-420C-B245-B1FEBC8BB049}.Homologacao|Any CPU.Build.0 = Homologacao|Any CPU
		{679A0118-5A77-420C-B245-B1FEBC8BB049}.Homologacao|x64.ActiveCfg = Homologacao|Any CPU
		{679A0118-5A77-420C-B245-B1FEBC8BB049}.Homologacao|x64.Build.0 = Homologacao|Any CPU
		{679A0118-5A77-420C-B245-B1FEBC8BB049}.Homologacao|x86.ActiveCfg = Homologacao|Any CPU
		{679A0118-5A77-420C-B245-B1FEBC8BB049}.Homologacao|x86.Build.0 = Homologacao|Any CPU
		{679A0118-5A77-420C-B245-B1FEBC8BB049}.Release|Any CPU.ActiveCfg = Release|Any CPU
		{679A0118-5A77-420C-B245-B1FEBC8BB049}.Release|Any CPU.Build.0 = Release|Any CPU
		{679A0118-5A77-420C-B245-B1FEBC8BB049}.Release|x64.ActiveCfg = Release|Any CPU
		{679A0118-5A77-420C-B245-B1FEBC8BB049}.Release|x86.ActiveCfg = Release|Any CPU
		{9AD28A84-56E0-4CD9-8FE2-3419415F75BE}.Debug_Prod|Any CPU.ActiveCfg = Debug_Prod|Any CPU
		{9AD28A84-56E0-4CD9-8FE2-3419415F75BE}.Debug_Prod|Any CPU.Build.0 = Debug_Prod|Any CPU
		{9AD28A84-56E0-4CD9-8FE2-3419415F75BE}.Debug_Prod|x64.ActiveCfg = Debug_Prod|Any CPU
		{9AD28A84-56E0-4CD9-8FE2-3419415F75BE}.Debug_Prod|x64.Build.0 = Debug_Prod|Any CPU
		{9AD28A84-56E0-4CD9-8FE2-3419415F75BE}.Debug_Prod|x86.ActiveCfg = Debug_Prod|Any CPU
		{9AD28A84-56E0-4CD9-8FE2-3419415F75BE}.Debug_Prod|x86.Build.0 = Debug_Prod|Any CPU
		{9AD28A84-56E0-4CD9-8FE2-3419415F75BE}.Debug|Any CPU.ActiveCfg = Debug|Any CPU
		{9AD28A84-56E0-4CD9-8FE2-3419415F75BE}.Debug|Any CPU.Build.0 = Debug|Any CPU
		{9AD28A84-56E0-4CD9-8FE2-3419415F75BE}.Debug|x64.ActiveCfg = Debug|Any CPU
		{9AD28A84-56E0-4CD9-8FE2-3419415F75BE}.Debug|x86.ActiveCfg = Debug|Any CPU
		{9AD28A84-56E0-4CD9-8FE2-3419415F75BE}.Homologacao|Any CPU.ActiveCfg = Homologacao|Any CPU
		{9AD28A84-56E0-4CD9-8FE2-3419415F75BE}.Homologacao|Any CPU.Build.0 = Homologacao|Any CPU
		{9AD28A84-56E0-4CD9-8FE2-3419415F75BE}.Homologacao|x64.ActiveCfg = Homologacao|Any CPU
		{9AD28A84-56E0-4CD9-8FE2-3419415F75BE}.Homologacao|x64.Build.0 = Homologacao|Any CPU
		{9AD28A84-56E0-4CD9-8FE2-3419415F75BE}.Homologacao|x86.ActiveCfg = Homologacao|Any CPU
		{9AD28A84-56E0-4CD9-8FE2-3419415F75BE}.Homologacao|x86.Build.0 = Homologacao|Any CPU
		{9AD28A84-56E0-4CD9-8FE2-3419415F75BE}.Release|Any CPU.ActiveCfg = Release|Any CPU
		{9AD28A84-56E0-4CD9-8FE2-3419415F75BE}.Release|Any CPU.Build.0 = Release|Any CPU
		{9AD28A84-56E0-4CD9-8FE2-3419415F75BE}.Release|x64.ActiveCfg = Release|Any CPU
		{9AD28A84-56E0-4CD9-8FE2-3419415F75BE}.Release|x86.ActiveCfg = Release|Any CPU
		{AA8ACBD0-FBD0-4A0B-87F2-F452849E7A1C}.Debug_Prod|Any CPU.ActiveCfg = Debug_Prod|Any CPU
		{AA8ACBD0-FBD0-4A0B-87F2-F452849E7A1C}.Debug_Prod|Any CPU.Build.0 = Debug_Prod|Any CPU
		{AA8ACBD0-FBD0-4A0B-87F2-F452849E7A1C}.Debug_Prod|x64.ActiveCfg = Debug_Prod|Any CPU
		{AA8ACBD0-FBD0-4A0B-87F2-F452849E7A1C}.Debug_Prod|x64.Build.0 = Debug_Prod|Any CPU
		{AA8ACBD0-FBD0-4A0B-87F2-F452849E7A1C}.Debug_Prod|x86.ActiveCfg = Debug_Prod|Any CPU
		{AA8ACBD0-FBD0-4A0B-87F2-F452849E7A1C}.Debug_Prod|x86.Build.0 = Debug_Prod|Any CPU
		{AA8ACBD0-FBD0-4A0B-87F2-F452849E7A1C}.Debug|Any CPU.ActiveCfg = Debug|Any CPU
		{AA8ACBD0-FBD0-4A0B-87F2-F452849E7A1C}.Debug|Any CPU.Build.0 = Debug|Any CPU
		{AA8ACBD0-FBD0-4A0B-87F2-F452849E7A1C}.Debug|x64.ActiveCfg = Debug|Any CPU
		{AA8ACBD0-FBD0-4A0B-87F2-F452849E7A1C}.Debug|x86.ActiveCfg = Debug|Any CPU
		{AA8ACBD0-FBD0-4A0B-87F2-F452849E7A1C}.Homologacao|Any CPU.ActiveCfg = Homologacao|Any CPU
		{AA8ACBD0-FBD0-4A0B-87F2-F452849E7A1C}.Homologacao|Any CPU.Build.0 = Homologacao|Any CPU
		{AA8ACBD0-FBD0-4A0B-87F2-F452849E7A1C}.Homologacao|x64.ActiveCfg = Homologacao|Any CPU
		{AA8ACBD0-FBD0-4A0B-87F2-F452849E7A1C}.Homologacao|x64.Build.0 = Homologacao|Any CPU
		{AA8ACBD0-FBD0-4A0B-87F2-F452849E7A1C}.Homologacao|x86.ActiveCfg = Homologacao|Any CPU
		{AA8ACBD0-FBD0-4A0B-87F2-F452849E7A1C}.Homologacao|x86.Build.0 = Homologacao|Any CPU
		{AA8ACBD0-FBD0-4A0B-87F2-F452849E7A1C}.Release|Any CPU.ActiveCfg = Release|Any CPU
		{AA8ACBD0-FBD0-4A0B-87F2-F452849E7A1C}.Release|Any CPU.Build.0 = Release|Any CPU
		{AA8ACBD0-FBD0-4A0B-87F2-F452849E7A1C}.Release|x64.ActiveCfg = Release|Any CPU
		{AA8ACBD0-FBD0-4A0B-87F2-F452849E7A1C}.Release|x86.ActiveCfg = Release|Any CPU
		{52CFFA83-9D19-4D18-8361-B3F1F5BD6E94}.Debug_Prod|Any CPU.ActiveCfg = Debug_Prod|Any CPU
		{52CFFA83-9D19-4D18-8361-B3F1F5BD6E94}.Debug_Prod|Any CPU.Build.0 = Debug_Prod|Any CPU
		{52CFFA83-9D19-4D18-8361-B3F1F5BD6E94}.Debug_Prod|x64.ActiveCfg = Debug_Prod|Any CPU
		{52CFFA83-9D19-4D18-8361-B3F1F5BD6E94}.Debug_Prod|x64.Build.0 = Debug_Prod|Any CPU
		{52CFFA83-9D19-4D18-8361-B3F1F5BD6E94}.Debug_Prod|x86.ActiveCfg = Debug_Prod|Any CPU
		{52CFFA83-9D19-4D18-8361-B3F1F5BD6E94}.Debug_Prod|x86.Build.0 = Debug_Prod|Any CPU
		{52CFFA83-9D19-4D18-8361-B3F1F5BD6E94}.Debug|Any CPU.ActiveCfg = Debug|Any CPU
		{52CFFA83-9D19-4D18-8361-B3F1F5BD6E94}.Debug|Any CPU.Build.0 = Debug|Any CPU
		{52CFFA83-9D19-4D18-8361-B3F1F5BD6E94}.Debug|x64.ActiveCfg = Debug|Any CPU
		{52CFFA83-9D19-4D18-8361-B3F1F5BD6E94}.Debug|x86.ActiveCfg = Debug|Any CPU
		{52CFFA83-9D19-4D18-8361-B3F1F5BD6E94}.Homologacao|Any CPU.ActiveCfg = Homologacao|Any CPU
		{52CFFA83-9D19-4D18-8361-B3F1F5BD6E94}.Homologacao|Any CPU.Build.0 = Homologacao|Any CPU
		{52CFFA83-9D19-4D18-8361-B3F1F5BD6E94}.Homologacao|x64.ActiveCfg = Homologacao|Any CPU
		{52CFFA83-9D19-4D18-8361-B3F1F5BD6E94}.Homologacao|x64.Build.0 = Homologacao|Any CPU
		{52CFFA83-9D19-4D18-8361-B3F1F5BD6E94}.Homologacao|x86.ActiveCfg = Homologacao|Any CPU
		{52CFFA83-9D19-4D18-8361-B3F1F5BD6E94}.Homologacao|x86.Build.0 = Homologacao|Any CPU
		{52CFFA83-9D19-4D18-8361-B3F1F5BD6E94}.Release|Any CPU.ActiveCfg = Release|Any CPU
		{52CFFA83-9D19-4D18-8361-B3F1F5BD6E94}.Release|Any CPU.Build.0 = Release|Any CPU
		{52CFFA83-9D19-4D18-8361-B3F1F5BD6E94}.Release|x64.ActiveCfg = Release|Any CPU
		{52CFFA83-9D19-4D18-8361-B3F1F5BD6E94}.Release|x86.ActiveCfg = Release|Any CPU
		{884D107E-C672-4B4F-AA13-8BC30BE71DF4}.Debug_Prod|Any CPU.ActiveCfg = Debug_Prod|Any CPU
		{884D107E-C672-4B4F-AA13-8BC30BE71DF4}.Debug_Prod|Any CPU.Build.0 = Debug_Prod|Any CPU
		{884D107E-C672-4B4F-AA13-8BC30BE71DF4}.Debug_Prod|x64.ActiveCfg = Debug_Prod|Any CPU
		{884D107E-C672-4B4F-AA13-8BC30BE71DF4}.Debug_Prod|x64.Build.0 = Debug_Prod|Any CPU
		{884D107E-C672-4B4F-AA13-8BC30BE71DF4}.Debug_Prod|x86.ActiveCfg = Debug_Prod|Any CPU
		{884D107E-C672-4B4F-AA13-8BC30BE71DF4}.Debug_Prod|x86.Build.0 = Debug_Prod|Any CPU
		{884D107E-C672-4B4F-AA13-8BC30BE71DF4}.Debug|Any CPU.ActiveCfg = Debug|Any CPU
		{884D107E-C672-4B4F-AA13-8BC30BE71DF4}.Debug|Any CPU.Build.0 = Debug|Any CPU
		{884D107E-C672-4B4F-AA13-8BC30BE71DF4}.Debug|x64.ActiveCfg = Debug|Any CPU
		{884D107E-C672-4B4F-AA13-8BC30BE71DF4}.Debug|x86.ActiveCfg = Debug|Any CPU
		{884D107E-C672-4B4F-AA13-8BC30BE71DF4}.Homologacao|Any CPU.ActiveCfg = Homologacao|Any CPU
		{884D107E-C672-4B4F-AA13-8BC30BE71DF4}.Homologacao|Any CPU.Build.0 = Homologacao|Any CPU
		{884D107E-C672-4B4F-AA13-8BC30BE71DF4}.Homologacao|x64.ActiveCfg = Homologacao|Any CPU
		{884D107E-C672-4B4F-AA13-8BC30BE71DF4}.Homologacao|x64.Build.0 = Homologacao|Any CPU
		{884D107E-C672-4B4F-AA13-8BC30BE71DF4}.Homologacao|x86.ActiveCfg = Homologacao|Any CPU
		{884D107E-C672-4B4F-AA13-8BC30BE71DF4}.Homologacao|x86.Build.0 = Homologacao|Any CPU
		{884D107E-C672-4B4F-AA13-8BC30BE71DF4}.Release|Any CPU.ActiveCfg = Release|Any CPU
		{884D107E-C672-4B4F-AA13-8BC30BE71DF4}.Release|Any CPU.Build.0 = Release|Any CPU
		{884D107E-C672-4B4F-AA13-8BC30BE71DF4}.Release|x64.ActiveCfg = Release|Any CPU
		{884D107E-C672-4B4F-AA13-8BC30BE71DF4}.Release|x86.ActiveCfg = Release|Any CPU
		{B4D235E6-4251-4706-89E7-D118A7272FEB}.Debug_Prod|Any CPU.ActiveCfg = Debug_Prod|Any CPU
		{B4D235E6-4251-4706-89E7-D118A7272FEB}.Debug_Prod|Any CPU.Build.0 = Debug_Prod|Any CPU
		{B4D235E6-4251-4706-89E7-D118A7272FEB}.Debug_Prod|x64.ActiveCfg = Debug_Prod|Any CPU
		{B4D235E6-4251-4706-89E7-D118A7272FEB}.Debug_Prod|x64.Build.0 = Debug_Prod|Any CPU
		{B4D235E6-4251-4706-89E7-D118A7272FEB}.Debug_Prod|x86.ActiveCfg = Debug_Prod|Any CPU
		{B4D235E6-4251-4706-89E7-D118A7272FEB}.Debug_Prod|x86.Build.0 = Debug_Prod|Any CPU
		{B4D235E6-4251-4706-89E7-D118A7272FEB}.Debug|Any CPU.ActiveCfg = Debug|Any CPU
		{B4D235E6-4251-4706-89E7-D118A7272FEB}.Debug|Any CPU.Build.0 = Debug|Any CPU
		{B4D235E6-4251-4706-89E7-D118A7272FEB}.Debug|x64.ActiveCfg = Debug|Any CPU
		{B4D235E6-4251-4706-89E7-D118A7272FEB}.Debug|x86.ActiveCfg = Debug|Any CPU
		{B4D235E6-4251-4706-89E7-D118A7272FEB}.Homologacao|Any CPU.ActiveCfg = Homologacao|Any CPU
		{B4D235E6-4251-4706-89E7-D118A7272FEB}.Homologacao|Any CPU.Build.0 = Homologacao|Any CPU
		{B4D235E6-4251-4706-89E7-D118A7272FEB}.Homologacao|x64.ActiveCfg = Homologacao|Any CPU
		{B4D235E6-4251-4706-89E7-D118A7272FEB}.Homologacao|x64.Build.0 = Homologacao|Any CPU
		{B4D235E6-4251-4706-89E7-D118A7272FEB}.Homologacao|x86.ActiveCfg = Homologacao|Any CPU
		{B4D235E6-4251-4706-89E7-D118A7272FEB}.Homologacao|x86.Build.0 = Homologacao|Any CPU
		{B4D235E6-4251-4706-89E7-D118A7272FEB}.Release|Any CPU.ActiveCfg = Release|Any CPU
		{B4D235E6-4251-4706-89E7-D118A7272FEB}.Release|Any CPU.Build.0 = Release|Any CPU
		{B4D235E6-4251-4706-89E7-D118A7272FEB}.Release|x64.ActiveCfg = Release|Any CPU
		{B4D235E6-4251-4706-89E7-D118A7272FEB}.Release|x86.ActiveCfg = Release|Any CPU
		{EB295085-A44E-4822-BB87-E056EB13C8B6}.Debug_Prod|Any CPU.ActiveCfg = Debug_Prod|Any CPU
		{EB295085-A44E-4822-BB87-E056EB13C8B6}.Debug_Prod|Any CPU.Build.0 = Debug_Prod|Any CPU
		{EB295085-A44E-4822-BB87-E056EB13C8B6}.Debug_Prod|x64.ActiveCfg = Debug_Prod|Any CPU
		{EB295085-A44E-4822-BB87-E056EB13C8B6}.Debug_Prod|x64.Build.0 = Debug_Prod|Any CPU
		{EB295085-A44E-4822-BB87-E056EB13C8B6}.Debug_Prod|x86.ActiveCfg = Debug_Prod|Any CPU
		{EB295085-A44E-4822-BB87-E056EB13C8B6}.Debug_Prod|x86.Build.0 = Debug_Prod|Any CPU
		{EB295085-A44E-4822-BB87-E056EB13C8B6}.Debug|Any CPU.ActiveCfg = Debug|Any CPU
		{EB295085-A44E-4822-BB87-E056EB13C8B6}.Debug|Any CPU.Build.0 = Debug|Any CPU
		{EB295085-A44E-4822-BB87-E056EB13C8B6}.Debug|x64.ActiveCfg = Debug|Any CPU
		{EB295085-A44E-4822-BB87-E056EB13C8B6}.Debug|x86.ActiveCfg = Debug|Any CPU
		{EB295085-A44E-4822-BB87-E056EB13C8B6}.Homologacao|Any CPU.ActiveCfg = Homologacao|Any CPU
		{EB295085-A44E-4822-BB87-E056EB13C8B6}.Homologacao|Any CPU.Build.0 = Homologacao|Any CPU
		{EB295085-A44E-4822-BB87-E056EB13C8B6}.Homologacao|x64.ActiveCfg = Homologacao|Any CPU
		{EB295085-A44E-4822-BB87-E056EB13C8B6}.Homologacao|x64.Build.0 = Homologacao|Any CPU
		{EB295085-A44E-4822-BB87-E056EB13C8B6}.Homologacao|x86.ActiveCfg = Homologacao|Any CPU
		{EB295085-A44E-4822-BB87-E056EB13C8B6}.Homologacao|x86.Build.0 = Homologacao|Any CPU
		{EB295085-A44E-4822-BB87-E056EB13C8B6}.Release|Any CPU.ActiveCfg = Release|Any CPU
		{EB295085-A44E-4822-BB87-E056EB13C8B6}.Release|Any CPU.Build.0 = Release|Any CPU
		{EB295085-A44E-4822-BB87-E056EB13C8B6}.Release|x64.ActiveCfg = Release|Any CPU
		{EB295085-A44E-4822-BB87-E056EB13C8B6}.Release|x86.ActiveCfg = Release|Any CPU
		{C0B6DD72-FA9A-4F88-9A95-AD81CC1CB8AF}.Debug_Prod|Any CPU.ActiveCfg = Debug_Prod|Any CPU
		{C0B6DD72-FA9A-4F88-9A95-AD81CC1CB8AF}.Debug_Prod|Any CPU.Build.0 = Debug_Prod|Any CPU
		{C0B6DD72-FA9A-4F88-9A95-AD81CC1CB8AF}.Debug_Prod|x64.ActiveCfg = Debug_Prod|Any CPU
		{C0B6DD72-FA9A-4F88-9A95-AD81CC1CB8AF}.Debug_Prod|x64.Build.0 = Debug_Prod|Any CPU
		{C0B6DD72-FA9A-4F88-9A95-AD81CC1CB8AF}.Debug_Prod|x86.ActiveCfg = Debug_Prod|Any CPU
		{C0B6DD72-FA9A-4F88-9A95-AD81CC1CB8AF}.Debug_Prod|x86.Build.0 = Debug_Prod|Any CPU
		{C0B6DD72-FA9A-4F88-9A95-AD81CC1CB8AF}.Debug|Any CPU.ActiveCfg = Debug|Any CPU
		{C0B6DD72-FA9A-4F88-9A95-AD81CC1CB8AF}.Debug|Any CPU.Build.0 = Debug|Any CPU
		{C0B6DD72-FA9A-4F88-9A95-AD81CC1CB8AF}.Debug|x64.ActiveCfg = Debug|Any CPU
		{C0B6DD72-FA9A-4F88-9A95-AD81CC1CB8AF}.Debug|x86.ActiveCfg = Debug|Any CPU
		{C0B6DD72-FA9A-4F88-9A95-AD81CC1CB8AF}.Homologacao|Any CPU.ActiveCfg = Homologacao|Any CPU
		{C0B6DD72-FA9A-4F88-9A95-AD81CC1CB8AF}.Homologacao|Any CPU.Build.0 = Homologacao|Any CPU
		{C0B6DD72-FA9A-4F88-9A95-AD81CC1CB8AF}.Homologacao|x64.ActiveCfg = Homologacao|Any CPU
		{C0B6DD72-FA9A-4F88-9A95-AD81CC1CB8AF}.Homologacao|x64.Build.0 = Homologacao|Any CPU
		{C0B6DD72-FA9A-4F88-9A95-AD81CC1CB8AF}.Homologacao|x86.ActiveCfg = Homologacao|Any CPU
		{C0B6DD72-FA9A-4F88-9A95-AD81CC1CB8AF}.Homologacao|x86.Build.0 = Homologacao|Any CPU
		{C0B6DD72-FA9A-4F88-9A95-AD81CC1CB8AF}.Release|Any CPU.ActiveCfg = Release|Any CPU
		{C0B6DD72-FA9A-4F88-9A95-AD81CC1CB8AF}.Release|Any CPU.Build.0 = Release|Any CPU
		{C0B6DD72-FA9A-4F88-9A95-AD81CC1CB8AF}.Release|x64.ActiveCfg = Release|Any CPU
		{C0B6DD72-FA9A-4F88-9A95-AD81CC1CB8AF}.Release|x86.ActiveCfg = Release|Any CPU
		{F92B2EE8-E6A4-4D19-A318-D6B68BCEE961}.Debug_Prod|Any CPU.ActiveCfg = Debug_Prod|Any CPU
		{F92B2EE8-E6A4-4D19-A318-D6B68BCEE961}.Debug_Prod|Any CPU.Build.0 = Debug_Prod|Any CPU
		{F92B2EE8-E6A4-4D19-A318-D6B68BCEE961}.Debug_Prod|x64.ActiveCfg = Debug_Prod|Any CPU
		{F92B2EE8-E6A4-4D19-A318-D6B68BCEE961}.Debug_Prod|x64.Build.0 = Debug_Prod|Any CPU
		{F92B2EE8-E6A4-4D19-A318-D6B68BCEE961}.Debug_Prod|x86.ActiveCfg = Debug_Prod|Any CPU
		{F92B2EE8-E6A4-4D19-A318-D6B68BCEE961}.Debug_Prod|x86.Build.0 = Debug_Prod|Any CPU
		{F92B2EE8-E6A4-4D19-A318-D6B68BCEE961}.Debug|Any CPU.ActiveCfg = Debug|Any CPU
		{F92B2EE8-E6A4-4D19-A318-D6B68BCEE961}.Debug|Any CPU.Build.0 = Debug|Any CPU
		{F92B2EE8-E6A4-4D19-A318-D6B68BCEE961}.Debug|x64.ActiveCfg = Debug|Any CPU
		{F92B2EE8-E6A4-4D19-A318-D6B68BCEE961}.Debug|x86.ActiveCfg = Debug|Any CPU
		{F92B2EE8-E6A4-4D19-A318-D6B68BCEE961}.Homologacao|Any CPU.ActiveCfg = Homologacao|Any CPU
		{F92B2EE8-E6A4-4D19-A318-D6B68BCEE961}.Homologacao|Any CPU.Build.0 = Homologacao|Any CPU
		{F92B2EE8-E6A4-4D19-A318-D6B68BCEE961}.Homologacao|x64.ActiveCfg = Homologacao|Any CPU
		{F92B2EE8-E6A4-4D19-A318-D6B68BCEE961}.Homologacao|x64.Build.0 = Homologacao|Any CPU
		{F92B2EE8-E6A4-4D19-A318-D6B68BCEE961}.Homologacao|x86.ActiveCfg = Homologacao|Any CPU
		{F92B2EE8-E6A4-4D19-A318-D6B68BCEE961}.Homologacao|x86.Build.0 = Homologacao|Any CPU
		{F92B2EE8-E6A4-4D19-A318-D6B68BCEE961}.Release|Any CPU.ActiveCfg = Release|Any CPU
		{F92B2EE8-E6A4-4D19-A318-D6B68BCEE961}.Release|Any CPU.Build.0 = Release|Any CPU
		{F92B2EE8-E6A4-4D19-A318-D6B68BCEE961}.Release|x64.ActiveCfg = Release|Any CPU
		{F92B2EE8-E6A4-4D19-A318-D6B68BCEE961}.Release|x86.ActiveCfg = Release|Any CPU
		{5D4F0ADE-F6CC-45E6-9AFE-136FB3719B31}.Debug_Prod|Any CPU.ActiveCfg = Debug_Prod|Any CPU
		{5D4F0ADE-F6CC-45E6-9AFE-136FB3719B31}.Debug_Prod|Any CPU.Build.0 = Debug_Prod|Any CPU
		{5D4F0ADE-F6CC-45E6-9AFE-136FB3719B31}.Debug_Prod|x64.ActiveCfg = Debug_Prod|Any CPU
		{5D4F0ADE-F6CC-45E6-9AFE-136FB3719B31}.Debug_Prod|x64.Build.0 = Debug_Prod|Any CPU
		{5D4F0ADE-F6CC-45E6-9AFE-136FB3719B31}.Debug_Prod|x86.ActiveCfg = Debug_Prod|Any CPU
		{5D4F0ADE-F6CC-45E6-9AFE-136FB3719B31}.Debug_Prod|x86.Build.0 = Debug_Prod|Any CPU
		{5D4F0ADE-F6CC-45E6-9AFE-136FB3719B31}.Debug|Any CPU.ActiveCfg = Debug|Any CPU
		{5D4F0ADE-F6CC-45E6-9AFE-136FB3719B31}.Debug|Any CPU.Build.0 = Debug|Any CPU
		{5D4F0ADE-F6CC-45E6-9AFE-136FB3719B31}.Debug|x64.ActiveCfg = Debug|Any CPU
		{5D4F0ADE-F6CC-45E6-9AFE-136FB3719B31}.Debug|x86.ActiveCfg = Debug|Any CPU
		{5D4F0ADE-F6CC-45E6-9AFE-136FB3719B31}.Homologacao|Any CPU.ActiveCfg = Homologacao|Any CPU
		{5D4F0ADE-F6CC-45E6-9AFE-136FB3719B31}.Homologacao|Any CPU.Build.0 = Homologacao|Any CPU
		{5D4F0ADE-F6CC-45E6-9AFE-136FB3719B31}.Homologacao|x64.ActiveCfg = Homologacao|Any CPU
		{5D4F0ADE-F6CC-45E6-9AFE-136FB3719B31}.Homologacao|x64.Build.0 = Homologacao|Any CPU
		{5D4F0ADE-F6CC-45E6-9AFE-136FB3719B31}.Homologacao|x86.ActiveCfg = Homologacao|Any CPU
		{5D4F0ADE-F6CC-45E6-9AFE-136FB3719B31}.Homologacao|x86.Build.0 = Homologacao|Any CPU
		{5D4F0ADE-F6CC-45E6-9AFE-136FB3719B31}.Release|Any CPU.ActiveCfg = Release|Any CPU
		{5D4F0ADE-F6CC-45E6-9AFE-136FB3719B31}.Release|Any CPU.Build.0 = Release|Any CPU
		{5D4F0ADE-F6CC-45E6-9AFE-136FB3719B31}.Release|x64.ActiveCfg = Release|Any CPU
		{5D4F0ADE-F6CC-45E6-9AFE-136FB3719B31}.Release|x86.ActiveCfg = Release|Any CPU
		{2279E3E0-446D-4FD9-A311-74A10917AD25}.Debug_Prod|Any CPU.ActiveCfg = Debug|Any CPU
		{2279E3E0-446D-4FD9-A311-74A10917AD25}.Debug_Prod|Any CPU.Build.0 = Debug|Any CPU
		{2279E3E0-446D-4FD9-A311-74A10917AD25}.Debug_Prod|x64.ActiveCfg = Debug|Any CPU
		{2279E3E0-446D-4FD9-A311-74A10917AD25}.Debug_Prod|x64.Build.0 = Debug|Any CPU
		{2279E3E0-446D-4FD9-A311-74A10917AD25}.Debug_Prod|x86.ActiveCfg = Debug|Any CPU
		{2279E3E0-446D-4FD9-A311-74A10917AD25}.Debug_Prod|x86.Build.0 = Debug|Any CPU
		{2279E3E0-446D-4FD9-A311-74A10917AD25}.Debug|Any CPU.ActiveCfg = Debug|Any CPU
		{2279E3E0-446D-4FD9-A311-74A10917AD25}.Debug|Any CPU.Build.0 = Debug|Any CPU
		{2279E3E0-446D-4FD9-A311-74A10917AD25}.Debug|x64.ActiveCfg = Debug|Any CPU
		{2279E3E0-446D-4FD9-A311-74A10917AD25}.Debug|x64.Build.0 = Debug|Any CPU
		{2279E3E0-446D-4FD9-A311-74A10917AD25}.Debug|x86.ActiveCfg = Debug|Any CPU
		{2279E3E0-446D-4FD9-A311-74A10917AD25}.Debug|x86.Build.0 = Debug|Any CPU
		{2279E3E0-446D-4FD9-A311-74A10917AD25}.Homologacao|Any CPU.ActiveCfg = Release|Any CPU
		{2279E3E0-446D-4FD9-A311-74A10917AD25}.Homologacao|Any CPU.Build.0 = Release|Any CPU
		{2279E3E0-446D-4FD9-A311-74A10917AD25}.Homologacao|x64.ActiveCfg = Release|Any CPU
		{2279E3E0-446D-4FD9-A311-74A10917AD25}.Homologacao|x64.Build.0 = Release|Any CPU
		{2279E3E0-446D-4FD9-A311-74A10917AD25}.Homologacao|x86.ActiveCfg = Release|Any CPU
		{2279E3E0-446D-4FD9-A311-74A10917AD25}.Homologacao|x86.Build.0 = Release|Any CPU
		{2279E3E0-446D-4FD9-A311-74A10917AD25}.Release|Any CPU.ActiveCfg = Release|Any CPU
		{2279E3E0-446D-4FD9-A311-74A10917AD25}.Release|Any CPU.Build.0 = Release|Any CPU
		{2279E3E0-446D-4FD9-A311-74A10917AD25}.Release|x64.ActiveCfg = Release|Any CPU
		{2279E3E0-446D-4FD9-A311-74A10917AD25}.Release|x64.Build.0 = Release|Any CPU
		{2279E3E0-446D-4FD9-A311-74A10917AD25}.Release|x86.ActiveCfg = Release|Any CPU
		{2279E3E0-446D-4FD9-A311-74A10917AD25}.Release|x86.Build.0 = Release|Any CPU
		{503ED3B2-3D97-45A2-9706-E99996E69A3C}.Debug_Prod|Any CPU.ActiveCfg = Debug|Any CPU
		{503ED3B2-3D97-45A2-9706-E99996E69A3C}.Debug_Prod|Any CPU.Build.0 = Debug|Any CPU
		{503ED3B2-3D97-45A2-9706-E99996E69A3C}.Debug_Prod|x64.ActiveCfg = Debug|Any CPU
		{503ED3B2-3D97-45A2-9706-E99996E69A3C}.Debug_Prod|x64.Build.0 = Debug|Any CPU
		{503ED3B2-3D97-45A2-9706-E99996E69A3C}.Debug_Prod|x86.ActiveCfg = Debug|Any CPU
		{503ED3B2-3D97-45A2-9706-E99996E69A3C}.Debug_Prod|x86.Build.0 = Debug|Any CPU
		{503ED3B2-3D97-45A2-9706-E99996E69A3C}.Debug|Any CPU.ActiveCfg = Debug|Any CPU
		{503ED3B2-3D97-45A2-9706-E99996E69A3C}.Debug|Any CPU.Build.0 = Debug|Any CPU
		{503ED3B2-3D97-45A2-9706-E99996E69A3C}.Debug|x64.ActiveCfg = Debug|Any CPU
		{503ED3B2-3D97-45A2-9706-E99996E69A3C}.Debug|x64.Build.0 = Debug|Any CPU
		{503ED3B2-3D97-45A2-9706-E99996E69A3C}.Debug|x86.ActiveCfg = Debug|Any CPU
		{503ED3B2-3D97-45A2-9706-E99996E69A3C}.Debug|x86.Build.0 = Debug|Any CPU
		{503ED3B2-3D97-45A2-9706-E99996E69A3C}.Homologacao|Any CPU.ActiveCfg = Release|Any CPU
		{503ED3B2-3D97-45A2-9706-E99996E69A3C}.Homologacao|Any CPU.Build.0 = Release|Any CPU
		{503ED3B2-3D97-45A2-9706-E99996E69A3C}.Homologacao|x64.ActiveCfg = Release|Any CPU
		{503ED3B2-3D97-45A2-9706-E99996E69A3C}.Homologacao|x64.Build.0 = Release|Any CPU
		{503ED3B2-3D97-45A2-9706-E99996E69A3C}.Homologacao|x86.ActiveCfg = Release|Any CPU
		{503ED3B2-3D97-45A2-9706-E99996E69A3C}.Homologacao|x86.Build.0 = Release|Any CPU
		{503ED3B2-3D97-45A2-9706-E99996E69A3C}.Release|Any CPU.ActiveCfg = Release|Any CPU
		{503ED3B2-3D97-45A2-9706-E99996E69A3C}.Release|Any CPU.Build.0 = Release|Any CPU
		{503ED3B2-3D97-45A2-9706-E99996E69A3C}.Release|x64.ActiveCfg = Release|Any CPU
		{503ED3B2-3D97-45A2-9706-E99996E69A3C}.Release|x64.Build.0 = Release|Any CPU
		{503ED3B2-3D97-45A2-9706-E99996E69A3C}.Release|x86.ActiveCfg = Release|Any CPU
		{503ED3B2-3D97-45A2-9706-E99996E69A3C}.Release|x86.Build.0 = Release|Any CPU
		{D75DC95A-5DDB-402F-8B58-0388D075A3E8}.Debug_Prod|Any CPU.ActiveCfg = Debug_Prod|Any CPU
		{D75DC95A-5DDB-402F-8B58-0388D075A3E8}.Debug_Prod|Any CPU.Build.0 = Debug_Prod|Any CPU
		{D75DC95A-5DDB-402F-8B58-0388D075A3E8}.Debug_Prod|x64.ActiveCfg = Debug|Any CPU
		{D75DC95A-5DDB-402F-8B58-0388D075A3E8}.Debug_Prod|x64.Build.0 = Debug|Any CPU
		{D75DC95A-5DDB-402F-8B58-0388D075A3E8}.Debug_Prod|x86.ActiveCfg = Debug|Any CPU
		{D75DC95A-5DDB-402F-8B58-0388D075A3E8}.Debug_Prod|x86.Build.0 = Debug|Any CPU
		{D75DC95A-5DDB-402F-8B58-0388D075A3E8}.Debug|Any CPU.ActiveCfg = Debug|Any CPU
		{D75DC95A-5DDB-402F-8B58-0388D075A3E8}.Debug|Any CPU.Build.0 = Debug|Any CPU
		{D75DC95A-5DDB-402F-8B58-0388D075A3E8}.Debug|x64.ActiveCfg = Debug|Any CPU
		{D75DC95A-5DDB-402F-8B58-0388D075A3E8}.Debug|x64.Build.0 = Debug|Any CPU
		{D75DC95A-5DDB-402F-8B58-0388D075A3E8}.Debug|x86.ActiveCfg = Debug|Any CPU
		{D75DC95A-5DDB-402F-8B58-0388D075A3E8}.Debug|x86.Build.0 = Debug|Any CPU
		{D75DC95A-5DDB-402F-8B58-0388D075A3E8}.Homologacao|Any CPU.ActiveCfg = Homologacao|Any CPU
		{D75DC95A-5DDB-402F-8B58-0388D075A3E8}.Homologacao|Any CPU.Build.0 = Homologacao|Any CPU
		{D75DC95A-5DDB-402F-8B58-0388D075A3E8}.Homologacao|x64.ActiveCfg = Release|Any CPU
		{D75DC95A-5DDB-402F-8B58-0388D075A3E8}.Homologacao|x64.Build.0 = Release|Any CPU
		{D75DC95A-5DDB-402F-8B58-0388D075A3E8}.Homologacao|x86.ActiveCfg = Release|Any CPU
		{D75DC95A-5DDB-402F-8B58-0388D075A3E8}.Homologacao|x86.Build.0 = Release|Any CPU
		{D75DC95A-5DDB-402F-8B58-0388D075A3E8}.Release|Any CPU.ActiveCfg = Release|Any CPU
		{D75DC95A-5DDB-402F-8B58-0388D075A3E8}.Release|Any CPU.Build.0 = Release|Any CPU
		{D75DC95A-5DDB-402F-8B58-0388D075A3E8}.Release|x64.ActiveCfg = Release|Any CPU
		{D75DC95A-5DDB-402F-8B58-0388D075A3E8}.Release|x64.Build.0 = Release|Any CPU
		{D75DC95A-5DDB-402F-8B58-0388D075A3E8}.Release|x86.ActiveCfg = Release|Any CPU
		{D75DC95A-5DDB-402F-8B58-0388D075A3E8}.Release|x86.Build.0 = Release|Any CPU
		{1F1EC033-9CE3-4059-956A-210AED66D1EA}.Debug_Prod|Any CPU.ActiveCfg = Debug_Prod|Any CPU
		{1F1EC033-9CE3-4059-956A-210AED66D1EA}.Debug_Prod|Any CPU.Build.0 = Debug_Prod|Any CPU
		{1F1EC033-9CE3-4059-956A-210AED66D1EA}.Debug_Prod|x64.ActiveCfg = Debug_Prod|Any CPU
		{1F1EC033-9CE3-4059-956A-210AED66D1EA}.Debug_Prod|x64.Build.0 = Debug_Prod|Any CPU
		{1F1EC033-9CE3-4059-956A-210AED66D1EA}.Debug_Prod|x86.ActiveCfg = Debug_Prod|Any CPU
		{1F1EC033-9CE3-4059-956A-210AED66D1EA}.Debug_Prod|x86.Build.0 = Debug_Prod|Any CPU
		{1F1EC033-9CE3-4059-956A-210AED66D1EA}.Debug|Any CPU.ActiveCfg = Debug|Any CPU
		{1F1EC033-9CE3-4059-956A-210AED66D1EA}.Debug|Any CPU.Build.0 = Debug|Any CPU
		{1F1EC033-9CE3-4059-956A-210AED66D1EA}.Debug|x64.ActiveCfg = Debug|Any CPU
		{1F1EC033-9CE3-4059-956A-210AED66D1EA}.Debug|x64.Build.0 = Debug|Any CPU
		{1F1EC033-9CE3-4059-956A-210AED66D1EA}.Debug|x86.ActiveCfg = Debug|Any CPU
		{1F1EC033-9CE3-4059-956A-210AED66D1EA}.Debug|x86.Build.0 = Debug|Any CPU
		{1F1EC033-9CE3-4059-956A-210AED66D1EA}.Homologacao|Any CPU.ActiveCfg = Homologacao|Any CPU
		{1F1EC033-9CE3-4059-956A-210AED66D1EA}.Homologacao|Any CPU.Build.0 = Homologacao|Any CPU
		{1F1EC033-9CE3-4059-956A-210AED66D1EA}.Homologacao|x64.ActiveCfg = Homologacao|Any CPU
		{1F1EC033-9CE3-4059-956A-210AED66D1EA}.Homologacao|x64.Build.0 = Homologacao|Any CPU
		{1F1EC033-9CE3-4059-956A-210AED66D1EA}.Homologacao|x86.ActiveCfg = Homologacao|Any CPU
		{1F1EC033-9CE3-4059-956A-210AED66D1EA}.Homologacao|x86.Build.0 = Homologacao|Any CPU
		{1F1EC033-9CE3-4059-956A-210AED66D1EA}.Release|Any CPU.ActiveCfg = Release|Any CPU
		{1F1EC033-9CE3-4059-956A-210AED66D1EA}.Release|Any CPU.Build.0 = Release|Any CPU
		{1F1EC033-9CE3-4059-956A-210AED66D1EA}.Release|x64.ActiveCfg = Release|Any CPU
		{1F1EC033-9CE3-4059-956A-210AED66D1EA}.Release|x64.Build.0 = Release|Any CPU
		{1F1EC033-9CE3-4059-956A-210AED66D1EA}.Release|x86.ActiveCfg = Release|Any CPU
		{1F1EC033-9CE3-4059-956A-210AED66D1EA}.Release|x86.Build.0 = Release|Any CPU
		{D30DC2BB-CEF8-44B9-AE87-2DCB8A5647E0}.Debug_Prod|Any CPU.ActiveCfg = Debug_Prod|Any CPU
		{D30DC2BB-CEF8-44B9-AE87-2DCB8A5647E0}.Debug_Prod|Any CPU.Build.0 = Debug_Prod|Any CPU
		{D30DC2BB-CEF8-44B9-AE87-2DCB8A5647E0}.Debug_Prod|x64.ActiveCfg = Debug|Any CPU
		{D30DC2BB-CEF8-44B9-AE87-2DCB8A5647E0}.Debug_Prod|x64.Build.0 = Debug|Any CPU
		{D30DC2BB-CEF8-44B9-AE87-2DCB8A5647E0}.Debug_Prod|x86.ActiveCfg = Debug|Any CPU
		{D30DC2BB-CEF8-44B9-AE87-2DCB8A5647E0}.Debug_Prod|x86.Build.0 = Debug|Any CPU
		{D30DC2BB-CEF8-44B9-AE87-2DCB8A5647E0}.Debug|Any CPU.ActiveCfg = Debug|Any CPU
		{D30DC2BB-CEF8-44B9-AE87-2DCB8A5647E0}.Debug|Any CPU.Build.0 = Debug|Any CPU
		{D30DC2BB-CEF8-44B9-AE87-2DCB8A5647E0}.Debug|x64.ActiveCfg = Debug|Any CPU
		{D30DC2BB-CEF8-44B9-AE87-2DCB8A5647E0}.Debug|x64.Build.0 = Debug|Any CPU
		{D30DC2BB-CEF8-44B9-AE87-2DCB8A5647E0}.Debug|x86.ActiveCfg = Debug|Any CPU
		{D30DC2BB-CEF8-44B9-AE87-2DCB8A5647E0}.Debug|x86.Build.0 = Debug|Any CPU
		{D30DC2BB-CEF8-44B9-AE87-2DCB8A5647E0}.Homologacao|Any CPU.ActiveCfg = Homologacao|Any CPU
		{D30DC2BB-CEF8-44B9-AE87-2DCB8A5647E0}.Homologacao|Any CPU.Build.0 = Homologacao|Any CPU
		{D30DC2BB-CEF8-44B9-AE87-2DCB8A5647E0}.Homologacao|x64.ActiveCfg = Release|Any CPU
		{D30DC2BB-CEF8-44B9-AE87-2DCB8A5647E0}.Homologacao|x64.Build.0 = Release|Any CPU
		{D30DC2BB-CEF8-44B9-AE87-2DCB8A5647E0}.Homologacao|x86.ActiveCfg = Release|Any CPU
		{D30DC2BB-CEF8-44B9-AE87-2DCB8A5647E0}.Homologacao|x86.Build.0 = Release|Any CPU
		{D30DC2BB-CEF8-44B9-AE87-2DCB8A5647E0}.Release|Any CPU.ActiveCfg = Release|Any CPU
		{D30DC2BB-CEF8-44B9-AE87-2DCB8A5647E0}.Release|Any CPU.Build.0 = Release|Any CPU
		{D30DC2BB-CEF8-44B9-AE87-2DCB8A5647E0}.Release|x64.ActiveCfg = Release|Any CPU
		{D30DC2BB-CEF8-44B9-AE87-2DCB8A5647E0}.Release|x64.Build.0 = Release|Any CPU
		{D30DC2BB-CEF8-44B9-AE87-2DCB8A5647E0}.Release|x86.ActiveCfg = Release|Any CPU
		{D30DC2BB-CEF8-44B9-AE87-2DCB8A5647E0}.Release|x86.Build.0 = Release|Any CPU
		{9D82BC93-644D-4AB3-B5CF-4E915920A5D6}.Debug_Prod|Any CPU.ActiveCfg = Debug_Prod|Any CPU
		{9D82BC93-644D-4AB3-B5CF-4E915920A5D6}.Debug_Prod|Any CPU.Build.0 = Debug_Prod|Any CPU
		{9D82BC93-644D-4AB3-B5CF-4E915920A5D6}.Debug_Prod|x64.ActiveCfg = Debug|Any CPU
		{9D82BC93-644D-4AB3-B5CF-4E915920A5D6}.Debug_Prod|x64.Build.0 = Debug|Any CPU
		{9D82BC93-644D-4AB3-B5CF-4E915920A5D6}.Debug_Prod|x86.ActiveCfg = Debug|Any CPU
		{9D82BC93-644D-4AB3-B5CF-4E915920A5D6}.Debug_Prod|x86.Build.0 = Debug|Any CPU
		{9D82BC93-644D-4AB3-B5CF-4E915920A5D6}.Debug|Any CPU.ActiveCfg = Debug|Any CPU
		{9D82BC93-644D-4AB3-B5CF-4E915920A5D6}.Debug|Any CPU.Build.0 = Debug|Any CPU
		{9D82BC93-644D-4AB3-B5CF-4E915920A5D6}.Debug|x64.ActiveCfg = Debug|Any CPU
		{9D82BC93-644D-4AB3-B5CF-4E915920A5D6}.Debug|x64.Build.0 = Debug|Any CPU
		{9D82BC93-644D-4AB3-B5CF-4E915920A5D6}.Debug|x86.ActiveCfg = Debug|Any CPU
		{9D82BC93-644D-4AB3-B5CF-4E915920A5D6}.Debug|x86.Build.0 = Debug|Any CPU
		{9D82BC93-644D-4AB3-B5CF-4E915920A5D6}.Homologacao|Any CPU.ActiveCfg = Homologacao|Any CPU
		{9D82BC93-644D-4AB3-B5CF-4E915920A5D6}.Homologacao|Any CPU.Build.0 = Homologacao|Any CPU
		{9D82BC93-644D-4AB3-B5CF-4E915920A5D6}.Homologacao|x64.ActiveCfg = Debug|Any CPU
		{9D82BC93-644D-4AB3-B5CF-4E915920A5D6}.Homologacao|x64.Build.0 = Debug|Any CPU
		{9D82BC93-644D-4AB3-B5CF-4E915920A5D6}.Homologacao|x86.ActiveCfg = Debug|Any CPU
		{9D82BC93-644D-4AB3-B5CF-4E915920A5D6}.Homologacao|x86.Build.0 = Debug|Any CPU
		{9D82BC93-644D-4AB3-B5CF-4E915920A5D6}.Release|Any CPU.ActiveCfg = Release|Any CPU
		{9D82BC93-644D-4AB3-B5CF-4E915920A5D6}.Release|Any CPU.Build.0 = Release|Any CPU
		{9D82BC93-644D-4AB3-B5CF-4E915920A5D6}.Release|x64.ActiveCfg = Release|Any CPU
		{9D82BC93-644D-4AB3-B5CF-4E915920A5D6}.Release|x64.Build.0 = Release|Any CPU
		{9D82BC93-644D-4AB3-B5CF-4E915920A5D6}.Release|x86.ActiveCfg = Release|Any CPU
		{9D82BC93-644D-4AB3-B5CF-4E915920A5D6}.Release|x86.Build.0 = Release|Any CPU
		{231F09B3-33CF-4553-BD12-0C0FE7C94906}.Debug_Prod|Any CPU.ActiveCfg = Debug_Prod|Any CPU
		{231F09B3-33CF-4553-BD12-0C0FE7C94906}.Debug_Prod|Any CPU.Build.0 = Debug_Prod|Any CPU
		{231F09B3-33CF-4553-BD12-0C0FE7C94906}.Debug_Prod|x64.ActiveCfg = Debug|Any CPU
		{231F09B3-33CF-4553-BD12-0C0FE7C94906}.Debug_Prod|x64.Build.0 = Debug|Any CPU
		{231F09B3-33CF-4553-BD12-0C0FE7C94906}.Debug_Prod|x86.ActiveCfg = Debug|Any CPU
		{231F09B3-33CF-4553-BD12-0C0FE7C94906}.Debug_Prod|x86.Build.0 = Debug|Any CPU
		{231F09B3-33CF-4553-BD12-0C0FE7C94906}.Debug|Any CPU.ActiveCfg = Debug|Any CPU
		{231F09B3-33CF-4553-BD12-0C0FE7C94906}.Debug|Any CPU.Build.0 = Debug|Any CPU
		{231F09B3-33CF-4553-BD12-0C0FE7C94906}.Debug|x64.ActiveCfg = Debug|Any CPU
		{231F09B3-33CF-4553-BD12-0C0FE7C94906}.Debug|x64.Build.0 = Debug|Any CPU
		{231F09B3-33CF-4553-BD12-0C0FE7C94906}.Debug|x86.ActiveCfg = Debug|Any CPU
		{231F09B3-33CF-4553-BD12-0C0FE7C94906}.Debug|x86.Build.0 = Debug|Any CPU
		{231F09B3-33CF-4553-BD12-0C0FE7C94906}.Homologacao|Any CPU.ActiveCfg = Homologacao|Any CPU
		{231F09B3-33CF-4553-BD12-0C0FE7C94906}.Homologacao|Any CPU.Build.0 = Homologacao|Any CPU
		{231F09B3-33CF-4553-BD12-0C0FE7C94906}.Homologacao|x64.ActiveCfg = Debug|Any CPU
		{231F09B3-33CF-4553-BD12-0C0FE7C94906}.Homologacao|x64.Build.0 = Debug|Any CPU
		{231F09B3-33CF-4553-BD12-0C0FE7C94906}.Homologacao|x86.ActiveCfg = Debug|Any CPU
		{231F09B3-33CF-4553-BD12-0C0FE7C94906}.Homologacao|x86.Build.0 = Debug|Any CPU
		{231F09B3-33CF-4553-BD12-0C0FE7C94906}.Release|Any CPU.ActiveCfg = Release|Any CPU
		{231F09B3-33CF-4553-BD12-0C0FE7C94906}.Release|Any CPU.Build.0 = Release|Any CPU
		{231F09B3-33CF-4553-BD12-0C0FE7C94906}.Release|x64.ActiveCfg = Release|Any CPU
		{231F09B3-33CF-4553-BD12-0C0FE7C94906}.Release|x64.Build.0 = Release|Any CPU
		{231F09B3-33CF-4553-BD12-0C0FE7C94906}.Release|x86.ActiveCfg = Release|Any CPU
		{231F09B3-33CF-4553-BD12-0C0FE7C94906}.Release|x86.Build.0 = Release|Any CPU
		{E50B0FDD-8CFB-445D-9E5F-C1FBED8FBAD3}.Debug_Prod|Any CPU.ActiveCfg = Debug_Prod|Any CPU
		{E50B0FDD-8CFB-445D-9E5F-C1FBED8FBAD3}.Debug_Prod|Any CPU.Build.0 = Debug_Prod|Any CPU
		{E50B0FDD-8CFB-445D-9E5F-C1FBED8FBAD3}.Debug_Prod|x64.ActiveCfg = Debug|Any CPU
		{E50B0FDD-8CFB-445D-9E5F-C1FBED8FBAD3}.Debug_Prod|x64.Build.0 = Debug|Any CPU
		{E50B0FDD-8CFB-445D-9E5F-C1FBED8FBAD3}.Debug_Prod|x86.ActiveCfg = Debug|Any CPU
		{E50B0FDD-8CFB-445D-9E5F-C1FBED8FBAD3}.Debug_Prod|x86.Build.0 = Debug|Any CPU
		{E50B0FDD-8CFB-445D-9E5F-C1FBED8FBAD3}.Debug|Any CPU.ActiveCfg = Debug|Any CPU
		{E50B0FDD-8CFB-445D-9E5F-C1FBED8FBAD3}.Debug|Any CPU.Build.0 = Debug|Any CPU
		{E50B0FDD-8CFB-445D-9E5F-C1FBED8FBAD3}.Debug|x64.ActiveCfg = Debug|Any CPU
		{E50B0FDD-8CFB-445D-9E5F-C1FBED8FBAD3}.Debug|x64.Build.0 = Debug|Any CPU
		{E50B0FDD-8CFB-445D-9E5F-C1FBED8FBAD3}.Debug|x86.ActiveCfg = Debug|Any CPU
		{E50B0FDD-8CFB-445D-9E5F-C1FBED8FBAD3}.Debug|x86.Build.0 = Debug|Any CPU
		{E50B0FDD-8CFB-445D-9E5F-C1FBED8FBAD3}.Homologacao|Any CPU.ActiveCfg = Homologacao|Any CPU
		{E50B0FDD-8CFB-445D-9E5F-C1FBED8FBAD3}.Homologacao|Any CPU.Build.0 = Homologacao|Any CPU
		{E50B0FDD-8CFB-445D-9E5F-C1FBED8FBAD3}.Homologacao|x64.ActiveCfg = Release|Any CPU
		{E50B0FDD-8CFB-445D-9E5F-C1FBED8FBAD3}.Homologacao|x64.Build.0 = Release|Any CPU
		{E50B0FDD-8CFB-445D-9E5F-C1FBED8FBAD3}.Homologacao|x86.ActiveCfg = Release|Any CPU
		{E50B0FDD-8CFB-445D-9E5F-C1FBED8FBAD3}.Homologacao|x86.Build.0 = Release|Any CPU
		{E50B0FDD-8CFB-445D-9E5F-C1FBED8FBAD3}.Release|Any CPU.ActiveCfg = Release|Any CPU
		{E50B0FDD-8CFB-445D-9E5F-C1FBED8FBAD3}.Release|Any CPU.Build.0 = Release|Any CPU
		{E50B0FDD-8CFB-445D-9E5F-C1FBED8FBAD3}.Release|x64.ActiveCfg = Release|Any CPU
		{E50B0FDD-8CFB-445D-9E5F-C1FBED8FBAD3}.Release|x64.Build.0 = Release|Any CPU
		{E50B0FDD-8CFB-445D-9E5F-C1FBED8FBAD3}.Release|x86.ActiveCfg = Release|Any CPU
		{E50B0FDD-8CFB-445D-9E5F-C1FBED8FBAD3}.Release|x86.Build.0 = Release|Any CPU
	EndGlobalSection
	GlobalSection(SolutionProperties) = preSolution
		HideSolutionNode = FALSE
	EndGlobalSection
	GlobalSection(ExtensibilityGlobals) = postSolution
		VisualSVNWorkingCopyRoot = .
		SolutionGuid = {36E22749-365E-48B1-A271-CFEDEA6609C1}
	EndGlobalSection
EndGlobal
