
Microsoft Visual Studio Solution File, Format Version 12.00
# Visual Studio 2012
Project("{FAE04EC0-301F-11D3-BF4B-00C04F79EFBC}") = "CONFIGSIS", "CONFIGSIS.csproj", "{C35F0A9E-F3D9-4FFF-A4BB-D91D7570C12B}"
EndProject
Project("{FAE04EC0-301F-11D3-BF4B-00C04F79EFBC}") = "COAD.SEGURANCA", "..\COAD.SEGURANCA\COAD.SEGURANCA.csproj", "{2584C60A-835B-44B7-9C49-10F489DE32BD}"
EndProject
Global
	GlobalSection(SolutionConfigurationPlatforms) = preSolution
		Debug|Any CPU = Debug|Any CPU
		Release|Any CPU = Release|Any CPU
	EndGlobalSection
	GlobalSection(ProjectConfigurationPlatforms) = postSolution
		{C35F0A9E-F3D9-4FFF-A4BB-D91D7570C12B}.Debug|Any CPU.ActiveCfg = Debug|Any CPU
		{C35F0A9E-F3D9-4FFF-A4BB-D91D7570C12B}.Debug|Any CPU.Build.0 = Debug|Any CPU
		{C35F0A9E-F3D9-4FFF-A4BB-D91D7570C12B}.Release|Any CPU.ActiveCfg = Release|Any CPU
		{C35F0A9E-F3D9-4FFF-A4BB-D91D7570C12B}.Release|Any CPU.Build.0 = Release|Any CPU
		{2584C60A-835B-44B7-9C49-10F489DE32BD}.Debug|Any CPU.ActiveCfg = Debug|Any CPU
		{2584C60A-835B-44B7-9C49-10F489DE32BD}.Debug|Any CPU.Build.0 = Debug|Any CPU
		{2584C60A-835B-44B7-9C49-10F489DE32BD}.Release|Any CPU.ActiveCfg = Release|Any CPU
		{2584C60A-835B-44B7-9C49-10F489DE32BD}.Release|Any CPU.Build.0 = Release|Any CPU
	EndGlobalSection
	GlobalSection(SolutionProperties) = preSolution
		HideSolutionNode = FALSE
	EndGlobalSection
EndGlobal
